// !$*UTF8*$!
{
	archiveVersion = 1;
	classes = {
	};
	objectVersion = 46;
	objects = {

/* Begin PBXBuildFile section */
		45212EBC1B5F3F5D009A1BC1 /* userInfo.plist in Resources */ = {isa = PBXBuildFile; fileRef = 45212EBB1B5F3F5D009A1BC1 /* userInfo.plist */; };
		45212EBE1B5F4334009A1BC1 /* UserPicTableViewCell.swift in Sources */ = {isa = PBXBuildFile; fileRef = 45212EBD1B5F4334009A1BC1 /* UserPicTableViewCell.swift */; };
		45212EC01B5F464E009A1BC1 /* UserProfileTableCells.swift in Sources */ = {isa = PBXBuildFile; fileRef = 45212EBF1B5F464E009A1BC1 /* UserProfileTableCells.swift */; };
		45212EC21B6088C3009A1BC1 /* UserNicknameChangeController.swift in Sources */ = {isa = PBXBuildFile; fileRef = 45212EC11B6088C3009A1BC1 /* UserNicknameChangeController.swift */; };
		4569ADA51B5B361600BA6B48 /* UserProfileViewController.swift in Sources */ = {isa = PBXBuildFile; fileRef = 4569ADA41B5B361600BA6B48 /* UserProfileViewController.swift */; };
		4588B7F41B56037900A77B52 /* RegisterViewController.swift in Sources */ = {isa = PBXBuildFile; fileRef = 4588B7F31B56037900A77B52 /* RegisterViewController.swift */; };
		4588B7F81B5607C900A77B52 /* RegisterInfoViewController.swift in Sources */ = {isa = PBXBuildFile; fileRef = 4588B7F71B5607C900A77B52 /* RegisterInfoViewController.swift */; };
		458AC4731B5DF6D600FB3C08 /* User.swift in Sources */ = {isa = PBXBuildFile; fileRef = 458AC4721B5DF6D600FB3C08 /* User.swift */; };
		45A2A65C1B6EFDB8005D9BB9 /* BookStoryUpdateViewController.swift in Sources */ = {isa = PBXBuildFile; fileRef = 45A2A65B1B6EFDB8005D9BB9 /* BookStoryUpdateViewController.swift */; };
		45A2A65E1B6F1154005D9BB9 /* BookInfoEnRicherViewController.swift in Sources */ = {isa = PBXBuildFile; fileRef = 45A2A65D1B6F1154005D9BB9 /* BookInfoEnRicherViewController.swift */; };
		45A2A6601B6F1855005D9BB9 /* UploadViewCells.swift in Sources */ = {isa = PBXBuildFile; fileRef = 45A2A65F1B6F1855005D9BB9 /* UploadViewCells.swift */; };
		45A2A6621B6F18D8005D9BB9 /* BookPreviewViewController.swift in Sources */ = {isa = PBXBuildFile; fileRef = 45A2A6611B6F18D8005D9BB9 /* BookPreviewViewController.swift */; };
		45A2A6641B706798005D9BB9 /* DoubanBook.swift in Sources */ = {isa = PBXBuildFile; fileRef = 45A2A6631B706798005D9BB9 /* DoubanBook.swift */; };
		45A71C341B7C2B1A004C32F0 /* StringExtensions.swift in Sources */ = {isa = PBXBuildFile; fileRef = 45A71C331B7C2B1A004C32F0 /* StringExtensions.swift */; };
		45A71C361B7C2DFA004C32F0 /* twitter_icon.png in Resources */ = {isa = PBXBuildFile; fileRef = 45A71C351B7C2DFA004C32F0 /* twitter_icon.png */; };
		45A71C381B7C2E03004C32F0 /* googleplus_icon.png in Resources */ = {isa = PBXBuildFile; fileRef = 45A71C371B7C2E03004C32F0 /* googleplus_icon.png */; };
		45A71C3C1B7C3693004C32F0 /* StoryChatIcon.png in Resources */ = {isa = PBXBuildFile; fileRef = 45A71C3B1B7C3693004C32F0 /* StoryChatIcon.png */; };
		45A8D6B11B69C143000963AE /* errorLog in Resources */ = {isa = PBXBuildFile; fileRef = 45A8D6B01B69C143000963AE /* errorLog */; };
		45B5E7231B43740F0054D7A8 /* DailyReading.swift in Sources */ = {isa = PBXBuildFile; fileRef = 45B5E7221B43740F0054D7A8 /* DailyReading.swift */; };
		45B5E7251B4376890054D7A8 /* DaliyReadingBook.swift in Sources */ = {isa = PBXBuildFile; fileRef = 45B5E7241B4376890054D7A8 /* DaliyReadingBook.swift */; };
		45B5E7271B437E670054D7A8 /* StoryPageCell.swift in Sources */ = {isa = PBXBuildFile; fileRef = 45B5E7261B437E670054D7A8 /* StoryPageCell.swift */; };
		45B5E7291B4389FC0054D7A8 /* Shared.swift in Sources */ = {isa = PBXBuildFile; fileRef = 45B5E7281B4389FC0054D7A8 /* Shared.swift */; };
		45B5E72C1B44BBD80054D7A8 /* Extensions.swift in Sources */ = {isa = PBXBuildFile; fileRef = 45B5E72B1B44BBD80054D7A8 /* Extensions.swift */; };
		45B5E72E1B44C0070054D7A8 /* Rectangle 37.png in Resources */ = {isa = PBXBuildFile; fileRef = 45B5E72D1B44C0070054D7A8 /* Rectangle 37.png */; };
		45B5E7301B44CC5F0054D7A8 /* StoryDetailViewController.swift in Sources */ = {isa = PBXBuildFile; fileRef = 45B5E72F1B44CC5F0054D7A8 /* StoryDetailViewController.swift */; };
		45B5E7321B44D2A00054D7A8 /* 82.jpg in Resources */ = {isa = PBXBuildFile; fileRef = 45B5E7311B44D2A00054D7A8 /* 82.jpg */; };
		45B5E7351B44E97F0054D7A8 /* Berger1.png in Resources */ = {isa = PBXBuildFile; fileRef = 45B5E7341B44E97F0054D7A8 /* Berger1.png */; };
		45B5E7371B44EA3D0054D7A8 /* Berger2.png in Resources */ = {isa = PBXBuildFile; fileRef = 45B5E7361B44EA3D0054D7A8 /* Berger2.png */; };
		45B5E73D1B44EB040054D7A8 /* Berger3.png in Resources */ = {isa = PBXBuildFile; fileRef = 45B5E7381B44EB040054D7A8 /* Berger3.png */; };
		45B5E73E1B44EB040054D7A8 /* Berger4.png in Resources */ = {isa = PBXBuildFile; fileRef = 45B5E7391B44EB040054D7A8 /* Berger4.png */; };
		45B5E73F1B44EB040054D7A8 /* Berger5.png in Resources */ = {isa = PBXBuildFile; fileRef = 45B5E73A1B44EB040054D7A8 /* Berger5.png */; };
		45B5E7401B44EB040054D7A8 /* Berger6.png in Resources */ = {isa = PBXBuildFile; fileRef = 45B5E73B1B44EB040054D7A8 /* Berger6.png */; };
		45B5E7411B44EB040054D7A8 /* Berger7.png in Resources */ = {isa = PBXBuildFile; fileRef = 45B5E73C1B44EB040054D7A8 /* Berger7.png */; };
		45B5E74A1B44EC2D0054D7A8 /* addNew1.png in Resources */ = {isa = PBXBuildFile; fileRef = 45B5E7431B44EC2D0054D7A8 /* addNew1.png */; };
		45B5E74B1B44EC2D0054D7A8 /* addNew2.png in Resources */ = {isa = PBXBuildFile; fileRef = 45B5E7441B44EC2D0054D7A8 /* addNew2.png */; };
		45B5E74C1B44EC2D0054D7A8 /* addNew3.png in Resources */ = {isa = PBXBuildFile; fileRef = 45B5E7451B44EC2D0054D7A8 /* addNew3.png */; };
		45B5E74D1B44EC2D0054D7A8 /* addNew4.png in Resources */ = {isa = PBXBuildFile; fileRef = 45B5E7461B44EC2D0054D7A8 /* addNew4.png */; };
		45B5E74E1B44EC2D0054D7A8 /* addNew5.png in Resources */ = {isa = PBXBuildFile; fileRef = 45B5E7471B44EC2D0054D7A8 /* addNew5.png */; };
		45B5E74F1B44EC2D0054D7A8 /* addNew6.png in Resources */ = {isa = PBXBuildFile; fileRef = 45B5E7481B44EC2D0054D7A8 /* addNew6.png */; };
		45B5E7501B44EC2D0054D7A8 /* addNew7.png in Resources */ = {isa = PBXBuildFile; fileRef = 45B5E7491B44EC2D0054D7A8 /* addNew7.png */; };
		45B5E7591B485A830054D7A8 /* Banner1.png in Resources */ = {isa = PBXBuildFile; fileRef = 45B5E7521B485A830054D7A8 /* Banner1.png */; };
		45B5E75A1B485A830054D7A8 /* Banner2.png in Resources */ = {isa = PBXBuildFile; fileRef = 45B5E7531B485A830054D7A8 /* Banner2.png */; };
		45B5E75B1B485A830054D7A8 /* Banner3.png in Resources */ = {isa = PBXBuildFile; fileRef = 45B5E7541B485A830054D7A8 /* Banner3.png */; };
		45B5E75C1B485A830054D7A8 /* Banner4.png in Resources */ = {isa = PBXBuildFile; fileRef = 45B5E7551B485A830054D7A8 /* Banner4.png */; };
		45B5E75D1B485A830054D7A8 /* Banner5.png in Resources */ = {isa = PBXBuildFile; fileRef = 45B5E7561B485A830054D7A8 /* Banner5.png */; };
		45B5E75E1B485A830054D7A8 /* Banner6.png in Resources */ = {isa = PBXBuildFile; fileRef = 45B5E7571B485A830054D7A8 /* Banner6.png */; };
		45B5E75F1B485A830054D7A8 /* Banner7.png in Resources */ = {isa = PBXBuildFile; fileRef = 45B5E7581B485A830054D7A8 /* Banner7.png */; };
		45B5E7621B4864020054D7A8 /* TitleTableViewCell.swift in Sources */ = {isa = PBXBuildFile; fileRef = 45B5E7611B4864020054D7A8 /* TitleTableViewCell.swift */; };
		45B5E7671B486DDD0054D7A8 /* StoryLikeIcon.png in Resources */ = {isa = PBXBuildFile; fileRef = 45B5E7641B486DDD0054D7A8 /* StoryLikeIcon.png */; };
		45B5E7681B486DDD0054D7A8 /* StoryMarkIcon.png in Resources */ = {isa = PBXBuildFile; fileRef = 45B5E7651B486DDD0054D7A8 /* StoryMarkIcon.png */; };
		45B5E76B1B486E0B0054D7A8 /* StoryShareIcon.png in Resources */ = {isa = PBXBuildFile; fileRef = 45B5E76A1B486E0B0054D7A8 /* StoryShareIcon.png */; };
		45B5E76D1B487CBF0054D7A8 /* StoryTextBodyCell.swift in Sources */ = {isa = PBXBuildFile; fileRef = 45B5E76C1B487CBF0054D7A8 /* StoryTextBodyCell.swift */; };
		45B5E77A1B49F78D0054D7A8 /* StoryUtilCell.swift in Sources */ = {isa = PBXBuildFile; fileRef = 45B5E7791B49F78D0054D7A8 /* StoryUtilCell.swift */; };
		45B69C5B1B6B278C00E73E43 /* BriefStoryCollectionViewController.swift in Sources */ = {isa = PBXBuildFile; fileRef = 45B69C5A1B6B278C00E73E43 /* BriefStoryCollectionViewController.swift */; };
		45B87B9A1B6B0FB300552FD3 /* TargetUserViewController.swift in Sources */ = {isa = PBXBuildFile; fileRef = 45B87B991B6B0FB300552FD3 /* TargetUserViewController.swift */; };
		45D4FF091B5C94920061DB3E /* UserProfileSettingsViewController.swift in Sources */ = {isa = PBXBuildFile; fileRef = 45D4FF081B5C94920061DB3E /* UserProfileSettingsViewController.swift */; };
		45DC48771B69D13C003E7EE6 /* UIView+LQXkeyboard.m in Sources */ = {isa = PBXBuildFile; fileRef = 45DC48761B69D13C003E7EE6 /* UIView+LQXkeyboard.m */; };
		45E383AD1B4DF6F400265DDE /* GlobalObservable.swift in Sources */ = {isa = PBXBuildFile; fileRef = 45E383AC1B4DF6F400265DDE /* GlobalObservable.swift */; };
		45E383AF1B4E04BB00265DDE /* camera131.png in Resources */ = {isa = PBXBuildFile; fileRef = 45E383AE1B4E04BB00265DDE /* camera131.png */; };
		45E383B31B4E05F600265DDE /* camera90.png in Resources */ = {isa = PBXBuildFile; fileRef = 45E383B01B4E05F600265DDE /* camera90.png */; };
		45E383B41B4E05F600265DDE /* notepads1.png in Resources */ = {isa = PBXBuildFile; fileRef = 45E383B11B4E05F600265DDE /* notepads1.png */; };
		45E383B51B4E05F600265DDE /* round68.png in Resources */ = {isa = PBXBuildFile; fileRef = 45E383B21B4E05F600265DDE /* round68.png */; };
		45E383B71B4E085E00265DDE /* UploadBookViewController.swift in Sources */ = {isa = PBXBuildFile; fileRef = 45E383B61B4E085E00265DDE /* UploadBookViewController.swift */; };
		45E383B91B4E0D6E00265DDE /* ImageUploadViewController.swift in Sources */ = {isa = PBXBuildFile; fileRef = 45E383B81B4E0D6E00265DDE /* ImageUploadViewController.swift */; };
		45E383BD1B4E0F9000265DDE /* plus7.png in Resources */ = {isa = PBXBuildFile; fileRef = 45E383BC1B4E0F9000265DDE /* plus7.png */; };
		45E383C11B4E37E300265DDE /* BaiduOCRRetData.swift in Sources */ = {isa = PBXBuildFile; fileRef = 45E383C01B4E37E300265DDE /* BaiduOCRRetData.swift */; };
		45E383C31B4E389100265DDE /* BaiduOCRResponse.swift in Sources */ = {isa = PBXBuildFile; fileRef = 45E383C21B4E389100265DDE /* BaiduOCRResponse.swift */; };
		45E6086F1B3F9F2E004B3F50 /* AppDelegate.swift in Sources */ = {isa = PBXBuildFile; fileRef = 45E6086E1B3F9F2E004B3F50 /* AppDelegate.swift */; };
		45E608761B3F9F2E004B3F50 /* Main.storyboard in Resources */ = {isa = PBXBuildFile; fileRef = 45E608741B3F9F2E004B3F50 /* Main.storyboard */; };
		45E608781B3F9F2E004B3F50 /* Images.xcassets in Resources */ = {isa = PBXBuildFile; fileRef = 45E608771B3F9F2E004B3F50 /* Images.xcassets */; };
		45E6087B1B3F9F2E004B3F50 /* LaunchScreen.xib in Resources */ = {isa = PBXBuildFile; fileRef = 45E608791B3F9F2E004B3F50 /* LaunchScreen.xib */; };
		45E608871B3F9F2F004B3F50 /* shuzhai2Tests.swift in Sources */ = {isa = PBXBuildFile; fileRef = 45E608861B3F9F2F004B3F50 /* shuzhai2Tests.swift */; };
		45E608931B3FA053004B3F50 /* Hamburger.png in Resources */ = {isa = PBXBuildFile; fileRef = 45E608911B3FA053004B3F50 /* Hamburger.png */; };
		45E608941B3FA053004B3F50 /* round-profile-pic.png in Resources */ = {isa = PBXBuildFile; fileRef = 45E608921B3FA053004B3F50 /* round-profile-pic.png */; };
		45E608971B3FA07F004B3F50 /* EmptySegue.swift in Sources */ = {isa = PBXBuildFile; fileRef = 45E608961B3FA07F004B3F50 /* EmptySegue.swift */; };
		45E6089D1B3FA095004B3F50 /* ContainerViewController.swift in Sources */ = {isa = PBXBuildFile; fileRef = 45E608981B3FA095004B3F50 /* ContainerViewController.swift */; };
		45E6089E1B3FA095004B3F50 /* ContainerSubbaseViewController.swift in Sources */ = {isa = PBXBuildFile; fileRef = 45E608991B3FA095004B3F50 /* ContainerSubbaseViewController.swift */; };
		45E6089F1B3FA095004B3F50 /* StoryViewController.swift in Sources */ = {isa = PBXBuildFile; fileRef = 45E6089A1B3FA095004B3F50 /* StoryViewController.swift */; };
		45E608A01B3FA095004B3F50 /* ProfileViewController.swift in Sources */ = {isa = PBXBuildFile; fileRef = 45E6089B1B3FA095004B3F50 /* ProfileViewController.swift */; };
		45E608A11B3FA095004B3F50 /* ClassEnums.swift in Sources */ = {isa = PBXBuildFile; fileRef = 45E6089C1B3FA095004B3F50 /* ClassEnums.swift */; };
		45E608A71B3FA3E4004B3F50 /* BaseViewController.swift in Sources */ = {isa = PBXBuildFile; fileRef = 45E608A61B3FA3E4004B3F50 /* BaseViewController.swift */; };
		45E608AC1B408948004B3F50 /* StoryPageViewController.swift in Sources */ = {isa = PBXBuildFile; fileRef = 45E608AA1B408948004B3F50 /* StoryPageViewController.swift */; };
		45E9BB281B6727F300A6464B /* UserComment.swift in Sources */ = {isa = PBXBuildFile; fileRef = 45E9BB271B6727F300A6464B /* UserComment.swift */; };
		8C88B6D367AE43C051A45885 /* Pods.framework in Frameworks */ = {isa = PBXBuildFile; fileRef = 580628569F089CA21D11452A /* Pods.framework */; settings = {ATTRIBUTES = (Weak, ); }; };
/* End PBXBuildFile section */

/* Begin PBXContainerItemProxy section */
		45E608811B3F9F2F004B3F50 /* PBXContainerItemProxy */ = {
			isa = PBXContainerItemProxy;
			containerPortal = 45E608611B3F9F2E004B3F50 /* Project object */;
			proxyType = 1;
			remoteGlobalIDString = 45E608681B3F9F2E004B3F50;
			remoteInfo = shuzhai2;
		};
/* End PBXContainerItemProxy section */

/* Begin PBXFileReference section */
		09FCB99DEBBA372E31B56396 /* Pods.debug.xcconfig */ = {isa = PBXFileReference; includeInIndex = 1; lastKnownFileType = text.xcconfig; name = Pods.debug.xcconfig; path = "Pods/Target Support Files/Pods/Pods.debug.xcconfig"; sourceTree = "<group>"; };
		45212EBB1B5F3F5D009A1BC1 /* userInfo.plist */ = {isa = PBXFileReference; fileEncoding = 4; lastKnownFileType = text.plist.xml; path = userInfo.plist; sourceTree = "<group>"; };
		45212EBD1B5F4334009A1BC1 /* UserPicTableViewCell.swift */ = {isa = PBXFileReference; fileEncoding = 4; lastKnownFileType = sourcecode.swift; path = UserPicTableViewCell.swift; sourceTree = "<group>"; };
		45212EBF1B5F464E009A1BC1 /* UserProfileTableCells.swift */ = {isa = PBXFileReference; fileEncoding = 4; lastKnownFileType = sourcecode.swift; path = UserProfileTableCells.swift; sourceTree = "<group>"; };
		45212EC11B6088C3009A1BC1 /* UserNicknameChangeController.swift */ = {isa = PBXFileReference; fileEncoding = 4; lastKnownFileType = sourcecode.swift; path = UserNicknameChangeController.swift; sourceTree = "<group>"; };
		4569ADA41B5B361600BA6B48 /* UserProfileViewController.swift */ = {isa = PBXFileReference; fileEncoding = 4; lastKnownFileType = sourcecode.swift; path = UserProfileViewController.swift; sourceTree = "<group>"; };
		4588B7F31B56037900A77B52 /* RegisterViewController.swift */ = {isa = PBXFileReference; fileEncoding = 4; lastKnownFileType = sourcecode.swift; path = RegisterViewController.swift; sourceTree = "<group>"; };
		4588B7F71B5607C900A77B52 /* RegisterInfoViewController.swift */ = {isa = PBXFileReference; fileEncoding = 4; lastKnownFileType = sourcecode.swift; path = RegisterInfoViewController.swift; sourceTree = "<group>"; };
		458AC4721B5DF6D600FB3C08 /* User.swift */ = {isa = PBXFileReference; fileEncoding = 4; lastKnownFileType = sourcecode.swift; path = User.swift; sourceTree = "<group>"; };
		45A2A65B1B6EFDB8005D9BB9 /* BookStoryUpdateViewController.swift */ = {isa = PBXFileReference; fileEncoding = 4; lastKnownFileType = sourcecode.swift; path = BookStoryUpdateViewController.swift; sourceTree = "<group>"; };
		45A2A65D1B6F1154005D9BB9 /* BookInfoEnRicherViewController.swift */ = {isa = PBXFileReference; fileEncoding = 4; lastKnownFileType = sourcecode.swift; path = BookInfoEnRicherViewController.swift; sourceTree = "<group>"; };
		45A2A65F1B6F1855005D9BB9 /* UploadViewCells.swift */ = {isa = PBXFileReference; fileEncoding = 4; lastKnownFileType = sourcecode.swift; path = UploadViewCells.swift; sourceTree = "<group>"; };
		45A2A6611B6F18D8005D9BB9 /* BookPreviewViewController.swift */ = {isa = PBXFileReference; fileEncoding = 4; lastKnownFileType = sourcecode.swift; path = BookPreviewViewController.swift; sourceTree = "<group>"; };
		45A2A6631B706798005D9BB9 /* DoubanBook.swift */ = {isa = PBXFileReference; fileEncoding = 4; lastKnownFileType = sourcecode.swift; path = DoubanBook.swift; sourceTree = "<group>"; };
		45A71C331B7C2B1A004C32F0 /* StringExtensions.swift */ = {isa = PBXFileReference; fileEncoding = 4; lastKnownFileType = sourcecode.swift; path = StringExtensions.swift; sourceTree = "<group>"; };
		45A71C351B7C2DFA004C32F0 /* twitter_icon.png */ = {isa = PBXFileReference; lastKnownFileType = image.png; path = twitter_icon.png; sourceTree = "<group>"; };
		45A71C371B7C2E03004C32F0 /* googleplus_icon.png */ = {isa = PBXFileReference; lastKnownFileType = image.png; path = googleplus_icon.png; sourceTree = "<group>"; };
		45A71C3B1B7C3693004C32F0 /* StoryChatIcon.png */ = {isa = PBXFileReference; lastKnownFileType = image.png; path = StoryChatIcon.png; sourceTree = "<group>"; };
		45A8D6B01B69C143000963AE /* errorLog */ = {isa = PBXFileReference; fileEncoding = 4; lastKnownFileType = text; path = errorLog; sourceTree = "<group>"; };
		45B5E7221B43740F0054D7A8 /* DailyReading.swift */ = {isa = PBXFileReference; fileEncoding = 4; lastKnownFileType = sourcecode.swift; path = DailyReading.swift; sourceTree = "<group>"; };
		45B5E7241B4376890054D7A8 /* DaliyReadingBook.swift */ = {isa = PBXFileReference; fileEncoding = 4; lastKnownFileType = sourcecode.swift; path = DaliyReadingBook.swift; sourceTree = "<group>"; };
		45B5E7261B437E670054D7A8 /* StoryPageCell.swift */ = {isa = PBXFileReference; fileEncoding = 4; lastKnownFileType = sourcecode.swift; path = StoryPageCell.swift; sourceTree = "<group>"; };
		45B5E7281B4389FC0054D7A8 /* Shared.swift */ = {isa = PBXFileReference; fileEncoding = 4; lastKnownFileType = sourcecode.swift; path = Shared.swift; sourceTree = "<group>"; };
		45B5E72B1B44BBD80054D7A8 /* Extensions.swift */ = {isa = PBXFileReference; fileEncoding = 4; lastKnownFileType = sourcecode.swift; path = Extensions.swift; sourceTree = "<group>"; };
		45B5E72D1B44C0070054D7A8 /* Rectangle 37.png */ = {isa = PBXFileReference; lastKnownFileType = image.png; path = "Rectangle 37.png"; sourceTree = "<group>"; };
		45B5E72F1B44CC5F0054D7A8 /* StoryDetailViewController.swift */ = {isa = PBXFileReference; fileEncoding = 4; lastKnownFileType = sourcecode.swift; path = StoryDetailViewController.swift; sourceTree = "<group>"; };
		45B5E7311B44D2A00054D7A8 /* 82.jpg */ = {isa = PBXFileReference; lastKnownFileType = image.jpeg; path = 82.jpg; sourceTree = "<group>"; };
		45B5E7341B44E97F0054D7A8 /* Berger1.png */ = {isa = PBXFileReference; lastKnownFileType = image.png; path = Berger1.png; sourceTree = "<group>"; };
		45B5E7361B44EA3D0054D7A8 /* Berger2.png */ = {isa = PBXFileReference; lastKnownFileType = image.png; path = Berger2.png; sourceTree = "<group>"; };
		45B5E7381B44EB040054D7A8 /* Berger3.png */ = {isa = PBXFileReference; lastKnownFileType = image.png; path = Berger3.png; sourceTree = "<group>"; };
		45B5E7391B44EB040054D7A8 /* Berger4.png */ = {isa = PBXFileReference; lastKnownFileType = image.png; path = Berger4.png; sourceTree = "<group>"; };
		45B5E73A1B44EB040054D7A8 /* Berger5.png */ = {isa = PBXFileReference; lastKnownFileType = image.png; path = Berger5.png; sourceTree = "<group>"; };
		45B5E73B1B44EB040054D7A8 /* Berger6.png */ = {isa = PBXFileReference; lastKnownFileType = image.png; path = Berger6.png; sourceTree = "<group>"; };
		45B5E73C1B44EB040054D7A8 /* Berger7.png */ = {isa = PBXFileReference; lastKnownFileType = image.png; path = Berger7.png; sourceTree = "<group>"; };
		45B5E7431B44EC2D0054D7A8 /* addNew1.png */ = {isa = PBXFileReference; lastKnownFileType = image.png; path = addNew1.png; sourceTree = "<group>"; };
		45B5E7441B44EC2D0054D7A8 /* addNew2.png */ = {isa = PBXFileReference; lastKnownFileType = image.png; path = addNew2.png; sourceTree = "<group>"; };
		45B5E7451B44EC2D0054D7A8 /* addNew3.png */ = {isa = PBXFileReference; lastKnownFileType = image.png; path = addNew3.png; sourceTree = "<group>"; };
		45B5E7461B44EC2D0054D7A8 /* addNew4.png */ = {isa = PBXFileReference; lastKnownFileType = image.png; path = addNew4.png; sourceTree = "<group>"; };
		45B5E7471B44EC2D0054D7A8 /* addNew5.png */ = {isa = PBXFileReference; lastKnownFileType = image.png; path = addNew5.png; sourceTree = "<group>"; };
		45B5E7481B44EC2D0054D7A8 /* addNew6.png */ = {isa = PBXFileReference; lastKnownFileType = image.png; path = addNew6.png; sourceTree = "<group>"; };
		45B5E7491B44EC2D0054D7A8 /* addNew7.png */ = {isa = PBXFileReference; lastKnownFileType = image.png; path = addNew7.png; sourceTree = "<group>"; };
		45B5E7521B485A830054D7A8 /* Banner1.png */ = {isa = PBXFileReference; lastKnownFileType = image.png; path = Banner1.png; sourceTree = "<group>"; };
		45B5E7531B485A830054D7A8 /* Banner2.png */ = {isa = PBXFileReference; lastKnownFileType = image.png; path = Banner2.png; sourceTree = "<group>"; };
		45B5E7541B485A830054D7A8 /* Banner3.png */ = {isa = PBXFileReference; lastKnownFileType = image.png; path = Banner3.png; sourceTree = "<group>"; };
		45B5E7551B485A830054D7A8 /* Banner4.png */ = {isa = PBXFileReference; lastKnownFileType = image.png; path = Banner4.png; sourceTree = "<group>"; };
		45B5E7561B485A830054D7A8 /* Banner5.png */ = {isa = PBXFileReference; lastKnownFileType = image.png; path = Banner5.png; sourceTree = "<group>"; };
		45B5E7571B485A830054D7A8 /* Banner6.png */ = {isa = PBXFileReference; lastKnownFileType = image.png; path = Banner6.png; sourceTree = "<group>"; };
		45B5E7581B485A830054D7A8 /* Banner7.png */ = {isa = PBXFileReference; lastKnownFileType = image.png; path = Banner7.png; sourceTree = "<group>"; };
		45B5E7611B4864020054D7A8 /* TitleTableViewCell.swift */ = {isa = PBXFileReference; fileEncoding = 4; lastKnownFileType = sourcecode.swift; path = TitleTableViewCell.swift; sourceTree = "<group>"; };
		45B5E7641B486DDD0054D7A8 /* StoryLikeIcon.png */ = {isa = PBXFileReference; lastKnownFileType = image.png; path = StoryLikeIcon.png; sourceTree = "<group>"; };
		45B5E7651B486DDD0054D7A8 /* StoryMarkIcon.png */ = {isa = PBXFileReference; lastKnownFileType = image.png; path = StoryMarkIcon.png; sourceTree = "<group>"; };
		45B5E76A1B486E0B0054D7A8 /* StoryShareIcon.png */ = {isa = PBXFileReference; lastKnownFileType = image.png; path = StoryShareIcon.png; sourceTree = "<group>"; };
		45B5E76C1B487CBF0054D7A8 /* StoryTextBodyCell.swift */ = {isa = PBXFileReference; fileEncoding = 4; lastKnownFileType = sourcecode.swift; path = StoryTextBodyCell.swift; sourceTree = "<group>"; };
		45B5E76E1B4894AF0054D7A8 /* shuzhai2-Bridging-Header.h */ = {isa = PBXFileReference; fileEncoding = 4; lastKnownFileType = sourcecode.c.h; path = "shuzhai2-Bridging-Header.h"; sourceTree = "<group>"; };
		45B5E7791B49F78D0054D7A8 /* StoryUtilCell.swift */ = {isa = PBXFileReference; fileEncoding = 4; lastKnownFileType = sourcecode.swift; path = StoryUtilCell.swift; sourceTree = "<group>"; };
		45B69C5A1B6B278C00E73E43 /* BriefStoryCollectionViewController.swift */ = {isa = PBXFileReference; fileEncoding = 4; lastKnownFileType = sourcecode.swift; path = BriefStoryCollectionViewController.swift; sourceTree = "<group>"; };
		45B87B991B6B0FB300552FD3 /* TargetUserViewController.swift */ = {isa = PBXFileReference; fileEncoding = 4; lastKnownFileType = sourcecode.swift; path = TargetUserViewController.swift; sourceTree = "<group>"; };
		45D4FF081B5C94920061DB3E /* UserProfileSettingsViewController.swift */ = {isa = PBXFileReference; fileEncoding = 4; lastKnownFileType = sourcecode.swift; path = UserProfileSettingsViewController.swift; sourceTree = "<group>"; };
		45DC48751B69D13C003E7EE6 /* UIView+LQXkeyboard.h */ = {isa = PBXFileReference; fileEncoding = 4; lastKnownFileType = sourcecode.c.h; path = "UIView+LQXkeyboard.h"; sourceTree = "<group>"; };
		45DC48761B69D13C003E7EE6 /* UIView+LQXkeyboard.m */ = {isa = PBXFileReference; fileEncoding = 4; lastKnownFileType = sourcecode.c.objc; path = "UIView+LQXkeyboard.m"; sourceTree = "<group>"; };
		45E383AC1B4DF6F400265DDE /* GlobalObservable.swift */ = {isa = PBXFileReference; fileEncoding = 4; lastKnownFileType = sourcecode.swift; path = GlobalObservable.swift; sourceTree = "<group>"; };
		45E383AE1B4E04BB00265DDE /* camera131.png */ = {isa = PBXFileReference; lastKnownFileType = image.png; path = camera131.png; sourceTree = "<group>"; };
		45E383B01B4E05F600265DDE /* camera90.png */ = {isa = PBXFileReference; lastKnownFileType = image.png; path = camera90.png; sourceTree = "<group>"; };
		45E383B11B4E05F600265DDE /* notepads1.png */ = {isa = PBXFileReference; lastKnownFileType = image.png; path = notepads1.png; sourceTree = "<group>"; };
		45E383B21B4E05F600265DDE /* round68.png */ = {isa = PBXFileReference; lastKnownFileType = image.png; path = round68.png; sourceTree = "<group>"; };
		45E383B61B4E085E00265DDE /* UploadBookViewController.swift */ = {isa = PBXFileReference; fileEncoding = 4; lastKnownFileType = sourcecode.swift; path = UploadBookViewController.swift; sourceTree = "<group>"; };
		45E383B81B4E0D6E00265DDE /* ImageUploadViewController.swift */ = {isa = PBXFileReference; fileEncoding = 4; lastKnownFileType = sourcecode.swift; path = ImageUploadViewController.swift; sourceTree = "<group>"; };
		45E383BC1B4E0F9000265DDE /* plus7.png */ = {isa = PBXFileReference; lastKnownFileType = image.png; path = plus7.png; sourceTree = "<group>"; };
		45E383C01B4E37E300265DDE /* BaiduOCRRetData.swift */ = {isa = PBXFileReference; fileEncoding = 4; lastKnownFileType = sourcecode.swift; path = BaiduOCRRetData.swift; sourceTree = "<group>"; };
		45E383C21B4E389100265DDE /* BaiduOCRResponse.swift */ = {isa = PBXFileReference; fileEncoding = 4; lastKnownFileType = sourcecode.swift; path = BaiduOCRResponse.swift; sourceTree = "<group>"; };
		45E608691B3F9F2E004B3F50 /* shuzhai2.app */ = {isa = PBXFileReference; explicitFileType = wrapper.application; includeInIndex = 0; path = shuzhai2.app; sourceTree = BUILT_PRODUCTS_DIR; };
		45E6086D1B3F9F2E004B3F50 /* Info.plist */ = {isa = PBXFileReference; lastKnownFileType = text.plist.xml; path = Info.plist; sourceTree = "<group>"; };
		45E6086E1B3F9F2E004B3F50 /* AppDelegate.swift */ = {isa = PBXFileReference; lastKnownFileType = sourcecode.swift; path = AppDelegate.swift; sourceTree = "<group>"; };
		45E608751B3F9F2E004B3F50 /* Base */ = {isa = PBXFileReference; lastKnownFileType = file.storyboard; name = Base; path = Base.lproj/Main.storyboard; sourceTree = "<group>"; };
		45E608771B3F9F2E004B3F50 /* Images.xcassets */ = {isa = PBXFileReference; lastKnownFileType = folder.assetcatalog; path = Images.xcassets; sourceTree = "<group>"; };
		45E6087A1B3F9F2E004B3F50 /* Base */ = {isa = PBXFileReference; lastKnownFileType = file.xib; name = Base; path = Base.lproj/LaunchScreen.xib; sourceTree = "<group>"; };
		45E608801B3F9F2F004B3F50 /* shuzhai2Tests.xctest */ = {isa = PBXFileReference; explicitFileType = wrapper.cfbundle; includeInIndex = 0; path = shuzhai2Tests.xctest; sourceTree = BUILT_PRODUCTS_DIR; };
		45E608851B3F9F2F004B3F50 /* Info.plist */ = {isa = PBXFileReference; lastKnownFileType = text.plist.xml; path = Info.plist; sourceTree = "<group>"; };
		45E608861B3F9F2F004B3F50 /* shuzhai2Tests.swift */ = {isa = PBXFileReference; lastKnownFileType = sourcecode.swift; path = shuzhai2Tests.swift; sourceTree = "<group>"; };
		45E608911B3FA053004B3F50 /* Hamburger.png */ = {isa = PBXFileReference; lastKnownFileType = image.png; path = Hamburger.png; sourceTree = "<group>"; };
		45E608921B3FA053004B3F50 /* round-profile-pic.png */ = {isa = PBXFileReference; lastKnownFileType = image.png; path = "round-profile-pic.png"; sourceTree = "<group>"; };
		45E608961B3FA07F004B3F50 /* EmptySegue.swift */ = {isa = PBXFileReference; fileEncoding = 4; lastKnownFileType = sourcecode.swift; path = EmptySegue.swift; sourceTree = "<group>"; };
		45E608981B3FA095004B3F50 /* ContainerViewController.swift */ = {isa = PBXFileReference; fileEncoding = 4; lastKnownFileType = sourcecode.swift; path = ContainerViewController.swift; sourceTree = "<group>"; };
		45E608991B3FA095004B3F50 /* ContainerSubbaseViewController.swift */ = {isa = PBXFileReference; fileEncoding = 4; lastKnownFileType = sourcecode.swift; path = ContainerSubbaseViewController.swift; sourceTree = "<group>"; };
		45E6089A1B3FA095004B3F50 /* StoryViewController.swift */ = {isa = PBXFileReference; fileEncoding = 4; lastKnownFileType = sourcecode.swift; path = StoryViewController.swift; sourceTree = "<group>"; };
		45E6089B1B3FA095004B3F50 /* ProfileViewController.swift */ = {isa = PBXFileReference; fileEncoding = 4; lastKnownFileType = sourcecode.swift; path = ProfileViewController.swift; sourceTree = "<group>"; };
		45E6089C1B3FA095004B3F50 /* ClassEnums.swift */ = {isa = PBXFileReference; fileEncoding = 4; lastKnownFileType = sourcecode.swift; path = ClassEnums.swift; sourceTree = "<group>"; };
		45E608A61B3FA3E4004B3F50 /* BaseViewController.swift */ = {isa = PBXFileReference; fileEncoding = 4; lastKnownFileType = sourcecode.swift; path = BaseViewController.swift; sourceTree = "<group>"; };
		45E608AA1B408948004B3F50 /* StoryPageViewController.swift */ = {isa = PBXFileReference; fileEncoding = 4; lastKnownFileType = sourcecode.swift; path = StoryPageViewController.swift; sourceTree = "<group>"; };
		45E9BB271B6727F300A6464B /* UserComment.swift */ = {isa = PBXFileReference; fileEncoding = 4; lastKnownFileType = sourcecode.swift; path = UserComment.swift; sourceTree = "<group>"; };
		580628569F089CA21D11452A /* Pods.framework */ = {isa = PBXFileReference; explicitFileType = wrapper.framework; includeInIndex = 0; path = Pods.framework; sourceTree = BUILT_PRODUCTS_DIR; };
		E0F50B828A8CDE82ABBE5C72 /* Pods.release.xcconfig */ = {isa = PBXFileReference; includeInIndex = 1; lastKnownFileType = text.xcconfig; name = Pods.release.xcconfig; path = "Pods/Target Support Files/Pods/Pods.release.xcconfig"; sourceTree = "<group>"; };
/* End PBXFileReference section */

/* Begin PBXFrameworksBuildPhase section */
		45E608661B3F9F2E004B3F50 /* Frameworks */ = {
			isa = PBXFrameworksBuildPhase;
			buildActionMask = 2147483647;
			files = (
				8C88B6D367AE43C051A45885 /* Pods.framework in Frameworks */,
			);
			runOnlyForDeploymentPostprocessing = 0;
		};
		45E6087D1B3F9F2F004B3F50 /* Frameworks */ = {
			isa = PBXFrameworksBuildPhase;
			buildActionMask = 2147483647;
			files = (
			);
			runOnlyForDeploymentPostprocessing = 0;
		};
/* End PBXFrameworksBuildPhase section */

/* Begin PBXGroup section */
		3DBF73D0C6472A08F489ED4F /* Pods */ = {
			isa = PBXGroup;
			children = (
				09FCB99DEBBA372E31B56396 /* Pods.debug.xcconfig */,
				E0F50B828A8CDE82ABBE5C72 /* Pods.release.xcconfig */,
			);
			name = Pods;
			sourceTree = "<group>";
		};
		4588B7F21B56032F00A77B52 /* UserViewControllers */ = {
			isa = PBXGroup;
			children = (
				4588B7F31B56037900A77B52 /* RegisterViewController.swift */,
				4588B7F71B5607C900A77B52 /* RegisterInfoViewController.swift */,
				4569ADA41B5B361600BA6B48 /* UserProfileViewController.swift */,
				45D4FF081B5C94920061DB3E /* UserProfileSettingsViewController.swift */,
				45212EC11B6088C3009A1BC1 /* UserNicknameChangeController.swift */,
				45212EBD1B5F4334009A1BC1 /* UserPicTableViewCell.swift */,
				45212EBF1B5F464E009A1BC1 /* UserProfileTableCells.swift */,
				45B87B991B6B0FB300552FD3 /* TargetUserViewController.swift */,
				45B69C5A1B6B278C00E73E43 /* BriefStoryCollectionViewController.swift */,
			);
			name = UserViewControllers;
			sourceTree = "<group>";
		};
		45A8D6AF1B69C0FA000963AE /* Others */ = {
			isa = PBXGroup;
			children = (
				45A8D6B01B69C143000963AE /* errorLog */,
			);
			name = Others;
			sourceTree = "<group>";
		};
		45B5E7211B4373D80054D7A8 /* DataManager */ = {
			isa = PBXGroup;
			children = (
				45B5E7221B43740F0054D7A8 /* DailyReading.swift */,
				45B5E7241B4376890054D7A8 /* DaliyReadingBook.swift */,
				45E383C01B4E37E300265DDE /* BaiduOCRRetData.swift */,
				45E383C21B4E389100265DDE /* BaiduOCRResponse.swift */,
				45A2A6631B706798005D9BB9 /* DoubanBook.swift */,
				458AC4721B5DF6D600FB3C08 /* User.swift */,
				45E9BB271B6727F300A6464B /* UserComment.swift */,
				45B5E7281B4389FC0054D7A8 /* Shared.swift */,
			);
			name = DataManager;
			sourceTree = "<group>";
		};
		45B5E72A1B44BBBB0054D7A8 /* Utils */ = {
			isa = PBXGroup;
			children = (
				45A71C331B7C2B1A004C32F0 /* StringExtensions.swift */,
				45B5E72B1B44BBD80054D7A8 /* Extensions.swift */,
				45E383AC1B4DF6F400265DDE /* GlobalObservable.swift */,
			);
			name = Utils;
			sourceTree = "<group>";
		};
		45B5E7331B44E7850054D7A8 /* BergerIcon */ = {
			isa = PBXGroup;
			children = (
				45B5E7341B44E97F0054D7A8 /* Berger1.png */,
				45B5E7361B44EA3D0054D7A8 /* Berger2.png */,
				45B5E7381B44EB040054D7A8 /* Berger3.png */,
				45B5E7391B44EB040054D7A8 /* Berger4.png */,
				45B5E73A1B44EB040054D7A8 /* Berger5.png */,
				45B5E73B1B44EB040054D7A8 /* Berger6.png */,
				45B5E73C1B44EB040054D7A8 /* Berger7.png */,
			);
			name = BergerIcon;
			sourceTree = "<group>";
		};
		45B5E7421B44EB0C0054D7A8 /* AddNewIcon */ = {
			isa = PBXGroup;
			children = (
				45B5E7431B44EC2D0054D7A8 /* addNew1.png */,
				45B5E7441B44EC2D0054D7A8 /* addNew2.png */,
				45B5E7451B44EC2D0054D7A8 /* addNew3.png */,
				45B5E7461B44EC2D0054D7A8 /* addNew4.png */,
				45B5E7471B44EC2D0054D7A8 /* addNew5.png */,
				45B5E7481B44EC2D0054D7A8 /* addNew6.png */,
				45B5E7491B44EC2D0054D7A8 /* addNew7.png */,
			);
			name = AddNewIcon;
			sourceTree = "<group>";
		};
		45B5E7511B4859AD0054D7A8 /* Banners */ = {
			isa = PBXGroup;
			children = (
				45B5E7521B485A830054D7A8 /* Banner1.png */,
				45B5E7531B485A830054D7A8 /* Banner2.png */,
				45B5E7541B485A830054D7A8 /* Banner3.png */,
				45B5E7551B485A830054D7A8 /* Banner4.png */,
				45B5E7561B485A830054D7A8 /* Banner5.png */,
				45B5E7571B485A830054D7A8 /* Banner6.png */,
				45B5E7581B485A830054D7A8 /* Banner7.png */,
			);
			name = Banners;
			sourceTree = "<group>";
		};
		45B5E7601B4863AE0054D7A8 /* StoryDetailsTableView */ = {
			isa = PBXGroup;
			children = (
				45B5E72F1B44CC5F0054D7A8 /* StoryDetailViewController.swift */,
				45B5E7611B4864020054D7A8 /* TitleTableViewCell.swift */,
				45B5E76C1B487CBF0054D7A8 /* StoryTextBodyCell.swift */,
				45B5E7791B49F78D0054D7A8 /* StoryUtilCell.swift */,
			);
			name = StoryDetailsTableView;
			sourceTree = "<group>";
		};
		45B5E7631B486D7E0054D7A8 /* Icons */ = {
			isa = PBXGroup;
			children = (
				45A71C371B7C2E03004C32F0 /* googleplus_icon.png */,
				45A71C351B7C2DFA004C32F0 /* twitter_icon.png */,
				45E383BC1B4E0F9000265DDE /* plus7.png */,
				45E383B01B4E05F600265DDE /* camera90.png */,
				45E383B11B4E05F600265DDE /* notepads1.png */,
				45E383B21B4E05F600265DDE /* round68.png */,
				45E383AE1B4E04BB00265DDE /* camera131.png */,
				45A71C3B1B7C3693004C32F0 /* StoryChatIcon.png */,
				45B5E7641B486DDD0054D7A8 /* StoryLikeIcon.png */,
				45B5E7651B486DDD0054D7A8 /* StoryMarkIcon.png */,
				45B5E76A1B486E0B0054D7A8 /* StoryShareIcon.png */,
			);
			name = Icons;
			sourceTree = "<group>";
		};
		45B5E77B1B49FEBC0054D7A8 /* ProfileViewControllers */ = {
			isa = PBXGroup;
			children = (
				45E6089B1B3FA095004B3F50 /* ProfileViewController.swift */,
			);
			name = ProfileViewControllers;
			sourceTree = "<group>";
		};
		45DC48741B69D0CD003E7EE6 /* OBJC */ = {
			isa = PBXGroup;
			children = (
				45DC48751B69D13C003E7EE6 /* UIView+LQXkeyboard.h */,
				45DC48761B69D13C003E7EE6 /* UIView+LQXkeyboard.m */,
			);
			name = OBJC;
			sourceTree = "<group>";
		};
		45E383AB1B4CB15900265DDE /* UploadBookViewControllers */ = {
			isa = PBXGroup;
			children = (
				45E383B61B4E085E00265DDE /* UploadBookViewController.swift */,
				45E383B81B4E0D6E00265DDE /* ImageUploadViewController.swift */,
				45A2A65B1B6EFDB8005D9BB9 /* BookStoryUpdateViewController.swift */,
				45A2A65F1B6F1855005D9BB9 /* UploadViewCells.swift */,
				45A2A65D1B6F1154005D9BB9 /* BookInfoEnRicherViewController.swift */,
				45A2A6611B6F18D8005D9BB9 /* BookPreviewViewController.swift */,
			);
			name = UploadBookViewControllers;
			sourceTree = "<group>";
		};
		45E608601B3F9F2E004B3F50 = {
			isa = PBXGroup;
			children = (
				45E6086B1B3F9F2E004B3F50 /* shuzhai2 */,
				45E608831B3F9F2F004B3F50 /* shuzhai2Tests */,
				45E6086A1B3F9F2E004B3F50 /* Products */,
				3DBF73D0C6472A08F489ED4F /* Pods */,
				93ED56E5E872E5BBEC82152E /* Frameworks */,
			);
			sourceTree = "<group>";
		};
		45E6086A1B3F9F2E004B3F50 /* Products */ = {
			isa = PBXGroup;
			children = (
				45E608691B3F9F2E004B3F50 /* shuzhai2.app */,
				45E608801B3F9F2F004B3F50 /* shuzhai2Tests.xctest */,
			);
			name = Products;
			sourceTree = "<group>";
		};
		45E6086B1B3F9F2E004B3F50 /* shuzhai2 */ = {
			isa = PBXGroup;
			children = (
				4588B7F21B56032F00A77B52 /* UserViewControllers */,
				45E383AB1B4CB15900265DDE /* UploadBookViewControllers */,
				45B5E77B1B49FEBC0054D7A8 /* ProfileViewControllers */,
				45B5E72A1B44BBBB0054D7A8 /* Utils */,
				45B5E7211B4373D80054D7A8 /* DataManager */,
				45E608A91B40891F004B3F50 /* StoryViewControllers */,
				45E608A81B4088ED004B3F50 /* BaseControllers */,
				45E608951B3FA06E004B3F50 /* CustomSegues */,
				45E608901B3FA053004B3F50 /* Resources */,
				45E6086E1B3F9F2E004B3F50 /* AppDelegate.swift */,
				45E608741B3F9F2E004B3F50 /* Main.storyboard */,
				45E608771B3F9F2E004B3F50 /* Images.xcassets */,
				45E608791B3F9F2E004B3F50 /* LaunchScreen.xib */,
				45E6086C1B3F9F2E004B3F50 /* Supporting Files */,
				45B5E76E1B4894AF0054D7A8 /* shuzhai2-Bridging-Header.h */,
			);
			path = shuzhai2;
			sourceTree = "<group>";
		};
		45E6086C1B3F9F2E004B3F50 /* Supporting Files */ = {
			isa = PBXGroup;
			children = (
				45E6086D1B3F9F2E004B3F50 /* Info.plist */,
			);
			name = "Supporting Files";
			sourceTree = "<group>";
		};
		45E608831B3F9F2F004B3F50 /* shuzhai2Tests */ = {
			isa = PBXGroup;
			children = (
				45E608861B3F9F2F004B3F50 /* shuzhai2Tests.swift */,
				45E608841B3F9F2F004B3F50 /* Supporting Files */,
			);
			path = shuzhai2Tests;
			sourceTree = "<group>";
		};
		45E608841B3F9F2F004B3F50 /* Supporting Files */ = {
			isa = PBXGroup;
			children = (
				45E608851B3F9F2F004B3F50 /* Info.plist */,
			);
			name = "Supporting Files";
			sourceTree = "<group>";
		};
		45E608901B3FA053004B3F50 /* Resources */ = {
			isa = PBXGroup;
			children = (
				45DC48741B69D0CD003E7EE6 /* OBJC */,
				45A8D6AF1B69C0FA000963AE /* Others */,
				45B5E7631B486D7E0054D7A8 /* Icons */,
				45B5E7511B4859AD0054D7A8 /* Banners */,
				45B5E7421B44EB0C0054D7A8 /* AddNewIcon */,
				45B5E7331B44E7850054D7A8 /* BergerIcon */,
				45B5E7311B44D2A00054D7A8 /* 82.jpg */,
				45E608911B3FA053004B3F50 /* Hamburger.png */,
				45E608921B3FA053004B3F50 /* round-profile-pic.png */,
				45B5E72D1B44C0070054D7A8 /* Rectangle 37.png */,
				45212EBB1B5F3F5D009A1BC1 /* userInfo.plist */,
			);
			path = Resources;
			sourceTree = "<group>";
		};
		45E608951B3FA06E004B3F50 /* CustomSegues */ = {
			isa = PBXGroup;
			children = (
				45E608961B3FA07F004B3F50 /* EmptySegue.swift */,
			);
			name = CustomSegues;
			sourceTree = "<group>";
		};
		45E608A81B4088ED004B3F50 /* BaseControllers */ = {
			isa = PBXGroup;
			children = (
				45E608981B3FA095004B3F50 /* ContainerViewController.swift */,
				45E608991B3FA095004B3F50 /* ContainerSubbaseViewController.swift */,
				45E6089C1B3FA095004B3F50 /* ClassEnums.swift */,
				45E608A61B3FA3E4004B3F50 /* BaseViewController.swift */,
			);
			name = BaseControllers;
			sourceTree = "<group>";
		};
		45E608A91B40891F004B3F50 /* StoryViewControllers */ = {
			isa = PBXGroup;
			children = (
				45B5E7601B4863AE0054D7A8 /* StoryDetailsTableView */,
				45E6089A1B3FA095004B3F50 /* StoryViewController.swift */,
				45E608AA1B408948004B3F50 /* StoryPageViewController.swift */,
				45B5E7261B437E670054D7A8 /* StoryPageCell.swift */,
			);
			name = StoryViewControllers;
			sourceTree = "<group>";
		};
		93ED56E5E872E5BBEC82152E /* Frameworks */ = {
			isa = PBXGroup;
			children = (
				580628569F089CA21D11452A /* Pods.framework */,
			);
			name = Frameworks;
			sourceTree = "<group>";
		};
/* End PBXGroup section */

/* Begin PBXNativeTarget section */
		45E608681B3F9F2E004B3F50 /* shuzhai2 */ = {
			isa = PBXNativeTarget;
			buildConfigurationList = 45E6088A1B3F9F2F004B3F50 /* Build configuration list for PBXNativeTarget "shuzhai2" */;
			buildPhases = (
				A75DF1941BA5A4C0174C1126 /* Check Pods Manifest.lock */,
				45E608651B3F9F2E004B3F50 /* Sources */,
				45E608661B3F9F2E004B3F50 /* Frameworks */,
				45E608671B3F9F2E004B3F50 /* Resources */,
				A1E5AA3E29CA77CC35E6536E /* Embed Pods Frameworks */,
				098AE9ECBE9D1268118656D4 /* Copy Pods Resources */,
			);
			buildRules = (
			);
			dependencies = (
			);
			name = shuzhai2;
			productName = shuzhai2;
			productReference = 45E608691B3F9F2E004B3F50 /* shuzhai2.app */;
			productType = "com.apple.product-type.application";
		};
		45E6087F1B3F9F2F004B3F50 /* shuzhai2Tests */ = {
			isa = PBXNativeTarget;
			buildConfigurationList = 45E6088D1B3F9F2F004B3F50 /* Build configuration list for PBXNativeTarget "shuzhai2Tests" */;
			buildPhases = (
				45E6087C1B3F9F2F004B3F50 /* Sources */,
				45E6087D1B3F9F2F004B3F50 /* Frameworks */,
				45E6087E1B3F9F2F004B3F50 /* Resources */,
			);
			buildRules = (
			);
			dependencies = (
				45E608821B3F9F2F004B3F50 /* PBXTargetDependency */,
			);
			name = shuzhai2Tests;
			productName = shuzhai2Tests;
			productReference = 45E608801B3F9F2F004B3F50 /* shuzhai2Tests.xctest */;
			productType = "com.apple.product-type.bundle.unit-test";
		};
/* End PBXNativeTarget section */

/* Begin PBXProject section */
		45E608611B3F9F2E004B3F50 /* Project object */ = {
			isa = PBXProject;
			attributes = {
				LastUpgradeCheck = 0630;
				ORGANIZATIONNAME = VincentHe;
				TargetAttributes = {
					45E608681B3F9F2E004B3F50 = {
						CreatedOnToolsVersion = 6.3.2;
						DevelopmentTeam = 532TM3B3Z5;
					};
					45E6087F1B3F9F2F004B3F50 = {
						CreatedOnToolsVersion = 6.3.2;
						TestTargetID = 45E608681B3F9F2E004B3F50;
					};
				};
			};
			buildConfigurationList = 45E608641B3F9F2E004B3F50 /* Build configuration list for PBXProject "shuzhai2" */;
			compatibilityVersion = "Xcode 3.2";
			developmentRegion = English;
			hasScannedForEncodings = 0;
			knownRegions = (
				en,
				Base,
			);
			mainGroup = 45E608601B3F9F2E004B3F50;
			productRefGroup = 45E6086A1B3F9F2E004B3F50 /* Products */;
			projectDirPath = "";
			projectRoot = "";
			targets = (
				45E608681B3F9F2E004B3F50 /* shuzhai2 */,
				45E6087F1B3F9F2F004B3F50 /* shuzhai2Tests */,
			);
		};
/* End PBXProject section */

/* Begin PBXResourcesBuildPhase section */
		45E608671B3F9F2E004B3F50 /* Resources */ = {
			isa = PBXResourcesBuildPhase;
			buildActionMask = 2147483647;
			files = (
				45B5E75E1B485A830054D7A8 /* Banner6.png in Resources */,
				45E383B41B4E05F600265DDE /* notepads1.png in Resources */,
				45B5E74A1B44EC2D0054D7A8 /* addNew1.png in Resources */,
				45E383B51B4E05F600265DDE /* round68.png in Resources */,
				45B5E75D1B485A830054D7A8 /* Banner5.png in Resources */,
				45B5E7411B44EB040054D7A8 /* Berger7.png in Resources */,
				45A71C361B7C2DFA004C32F0 /* twitter_icon.png in Resources */,
				45A71C381B7C2E03004C32F0 /* googleplus_icon.png in Resources */,
				45B5E72E1B44C0070054D7A8 /* Rectangle 37.png in Resources */,
				45B5E76B1B486E0B0054D7A8 /* StoryShareIcon.png in Resources */,
				45B5E74D1B44EC2D0054D7A8 /* addNew4.png in Resources */,
				45B5E74B1B44EC2D0054D7A8 /* addNew2.png in Resources */,
				45B5E7371B44EA3D0054D7A8 /* Berger2.png in Resources */,
				45B5E74E1B44EC2D0054D7A8 /* addNew5.png in Resources */,
				45A8D6B11B69C143000963AE /* errorLog in Resources */,
				45B5E74C1B44EC2D0054D7A8 /* addNew3.png in Resources */,
				45B5E75C1B485A830054D7A8 /* Banner4.png in Resources */,
				45B5E7351B44E97F0054D7A8 /* Berger1.png in Resources */,
				45B5E7591B485A830054D7A8 /* Banner1.png in Resources */,
				45E608761B3F9F2E004B3F50 /* Main.storyboard in Resources */,
				45B5E7321B44D2A00054D7A8 /* 82.jpg in Resources */,
				45B5E75F1B485A830054D7A8 /* Banner7.png in Resources */,
				45B5E7671B486DDD0054D7A8 /* StoryLikeIcon.png in Resources */,
				45A71C3C1B7C3693004C32F0 /* StoryChatIcon.png in Resources */,
				45B5E73E1B44EB040054D7A8 /* Berger4.png in Resources */,
				45B5E73F1B44EB040054D7A8 /* Berger5.png in Resources */,
				45B5E75A1B485A830054D7A8 /* Banner2.png in Resources */,
				45E383BD1B4E0F9000265DDE /* plus7.png in Resources */,
				45B5E75B1B485A830054D7A8 /* Banner3.png in Resources */,
				45B5E7681B486DDD0054D7A8 /* StoryMarkIcon.png in Resources */,
				45E608931B3FA053004B3F50 /* Hamburger.png in Resources */,
				45E608941B3FA053004B3F50 /* round-profile-pic.png in Resources */,
				45E383B31B4E05F600265DDE /* camera90.png in Resources */,
				45B5E7501B44EC2D0054D7A8 /* addNew7.png in Resources */,
				45B5E74F1B44EC2D0054D7A8 /* addNew6.png in Resources */,
				45E6087B1B3F9F2E004B3F50 /* LaunchScreen.xib in Resources */,
				45B5E73D1B44EB040054D7A8 /* Berger3.png in Resources */,
				45B5E7401B44EB040054D7A8 /* Berger6.png in Resources */,
				45E383AF1B4E04BB00265DDE /* camera131.png in Resources */,
				45E608781B3F9F2E004B3F50 /* Images.xcassets in Resources */,
				45212EBC1B5F3F5D009A1BC1 /* userInfo.plist in Resources */,
			);
			runOnlyForDeploymentPostprocessing = 0;
		};
		45E6087E1B3F9F2F004B3F50 /* Resources */ = {
			isa = PBXResourcesBuildPhase;
			buildActionMask = 2147483647;
			files = (
			);
			runOnlyForDeploymentPostprocessing = 0;
		};
/* End PBXResourcesBuildPhase section */

/* Begin PBXShellScriptBuildPhase section */
		098AE9ECBE9D1268118656D4 /* Copy Pods Resources */ = {
			isa = PBXShellScriptBuildPhase;
			buildActionMask = 2147483647;
			files = (
			);
			inputPaths = (
			);
			name = "Copy Pods Resources";
			outputPaths = (
			);
			runOnlyForDeploymentPostprocessing = 0;
			shellPath = /bin/sh;
			shellScript = "\"${SRCROOT}/Pods/Target Support Files/Pods/Pods-resources.sh\"\n";
			showEnvVarsInLog = 0;
		};
		A1E5AA3E29CA77CC35E6536E /* Embed Pods Frameworks */ = {
			isa = PBXShellScriptBuildPhase;
			buildActionMask = 2147483647;
			files = (
			);
			inputPaths = (
			);
			name = "Embed Pods Frameworks";
			outputPaths = (
			);
			runOnlyForDeploymentPostprocessing = 0;
			shellPath = /bin/sh;
			shellScript = "\"${SRCROOT}/Pods/Target Support Files/Pods/Pods-frameworks.sh\"\n";
			showEnvVarsInLog = 0;
		};
		A75DF1941BA5A4C0174C1126 /* Check Pods Manifest.lock */ = {
			isa = PBXShellScriptBuildPhase;
			buildActionMask = 2147483647;
			files = (
			);
			inputPaths = (
			);
			name = "Check Pods Manifest.lock";
			outputPaths = (
			);
			runOnlyForDeploymentPostprocessing = 0;
			shellPath = /bin/sh;
			shellScript = "diff \"${PODS_ROOT}/../Podfile.lock\" \"${PODS_ROOT}/Manifest.lock\" > /dev/null\nif [[ $? != 0 ]] ; then\n    cat << EOM\nerror: The sandbox is not in sync with the Podfile.lock. Run 'pod install' or update your CocoaPods installation.\nEOM\n    exit 1\nfi\n";
			showEnvVarsInLog = 0;
		};
/* End PBXShellScriptBuildPhase section */

/* Begin PBXSourcesBuildPhase section */
		45E608651B3F9F2E004B3F50 /* Sources */ = {
			isa = PBXSourcesBuildPhase;
			buildActionMask = 2147483647;
			files = (
				45B5E7291B4389FC0054D7A8 /* Shared.swift in Sources */,
				45B5E7301B44CC5F0054D7A8 /* StoryDetailViewController.swift in Sources */,
				45B5E72C1B44BBD80054D7A8 /* Extensions.swift in Sources */,
				45B69C5B1B6B278C00E73E43 /* BriefStoryCollectionViewController.swift in Sources */,
				45B5E7231B43740F0054D7A8 /* DailyReading.swift in Sources */,
				45A2A65E1B6F1154005D9BB9 /* BookInfoEnRicherViewController.swift in Sources */,
				45A2A6601B6F1855005D9BB9 /* UploadViewCells.swift in Sources */,
				45A71C341B7C2B1A004C32F0 /* StringExtensions.swift in Sources */,
				45A2A65C1B6EFDB8005D9BB9 /* BookStoryUpdateViewController.swift in Sources */,
				45E383B71B4E085E00265DDE /* UploadBookViewController.swift in Sources */,
				45E6089E1B3FA095004B3F50 /* ContainerSubbaseViewController.swift in Sources */,
				45E6089D1B3FA095004B3F50 /* ContainerViewController.swift in Sources */,
				45E6086F1B3F9F2E004B3F50 /* AppDelegate.swift in Sources */,
				45212EC01B5F464E009A1BC1 /* UserProfileTableCells.swift in Sources */,
				458AC4731B5DF6D600FB3C08 /* User.swift in Sources */,
				45B5E7271B437E670054D7A8 /* StoryPageCell.swift in Sources */,
				4569ADA51B5B361600BA6B48 /* UserProfileViewController.swift in Sources */,
				45E383B91B4E0D6E00265DDE /* ImageUploadViewController.swift in Sources */,
				45B5E7621B4864020054D7A8 /* TitleTableViewCell.swift in Sources */,
				45E6089F1B3FA095004B3F50 /* StoryViewController.swift in Sources */,
				45B87B9A1B6B0FB300552FD3 /* TargetUserViewController.swift in Sources */,
				45A2A6621B6F18D8005D9BB9 /* BookPreviewViewController.swift in Sources */,
				45B5E7251B4376890054D7A8 /* DaliyReadingBook.swift in Sources */,
				45E608AC1B408948004B3F50 /* StoryPageViewController.swift in Sources */,
				45E608A71B3FA3E4004B3F50 /* BaseViewController.swift in Sources */,
				4588B7F41B56037900A77B52 /* RegisterViewController.swift in Sources */,
				45B5E76D1B487CBF0054D7A8 /* StoryTextBodyCell.swift in Sources */,
				45D4FF091B5C94920061DB3E /* UserProfileSettingsViewController.swift in Sources */,
				45E383C31B4E389100265DDE /* BaiduOCRResponse.swift in Sources */,
				4588B7F81B5607C900A77B52 /* RegisterInfoViewController.swift in Sources */,
				45E608A01B3FA095004B3F50 /* ProfileViewController.swift in Sources */,
				45B5E77A1B49F78D0054D7A8 /* StoryUtilCell.swift in Sources */,
				45212EC21B6088C3009A1BC1 /* UserNicknameChangeController.swift in Sources */,
				45DC48771B69D13C003E7EE6 /* UIView+LQXkeyboard.m in Sources */,
				45E9BB281B6727F300A6464B /* UserComment.swift in Sources */,
				45E608A11B3FA095004B3F50 /* ClassEnums.swift in Sources */,
				45E608971B3FA07F004B3F50 /* EmptySegue.swift in Sources */,
				45E383AD1B4DF6F400265DDE /* GlobalObservable.swift in Sources */,
				45212EBE1B5F4334009A1BC1 /* UserPicTableViewCell.swift in Sources */,
				45E383C11B4E37E300265DDE /* BaiduOCRRetData.swift in Sources */,
				45A2A6641B706798005D9BB9 /* DoubanBook.swift in Sources */,
			);
			runOnlyForDeploymentPostprocessing = 0;
		};
		45E6087C1B3F9F2F004B3F50 /* Sources */ = {
			isa = PBXSourcesBuildPhase;
			buildActionMask = 2147483647;
			files = (
				45E608871B3F9F2F004B3F50 /* shuzhai2Tests.swift in Sources */,
			);
			runOnlyForDeploymentPostprocessing = 0;
		};
/* End PBXSourcesBuildPhase section */

/* Begin PBXTargetDependency section */
		45E608821B3F9F2F004B3F50 /* PBXTargetDependency */ = {
			isa = PBXTargetDependency;
			target = 45E608681B3F9F2E004B3F50 /* shuzhai2 */;
			targetProxy = 45E608811B3F9F2F004B3F50 /* PBXContainerItemProxy */;
		};
/* End PBXTargetDependency section */

/* Begin PBXVariantGroup section */
		45E608741B3F9F2E004B3F50 /* Main.storyboard */ = {
			isa = PBXVariantGroup;
			children = (
				45E608751B3F9F2E004B3F50 /* Base */,
			);
			name = Main.storyboard;
			sourceTree = "<group>";
		};
		45E608791B3F9F2E004B3F50 /* LaunchScreen.xib */ = {
			isa = PBXVariantGroup;
			children = (
				45E6087A1B3F9F2E004B3F50 /* Base */,
			);
			name = LaunchScreen.xib;
			sourceTree = "<group>";
		};
/* End PBXVariantGroup section */

/* Begin XCBuildConfiguration section */
		45E608881B3F9F2F004B3F50 /* Debug */ = {
			isa = XCBuildConfiguration;
			buildSettings = {
				ALWAYS_SEARCH_USER_PATHS = NO;
				CLANG_CXX_LANGUAGE_STANDARD = "gnu++0x";
				CLANG_CXX_LIBRARY = "libc++";
				CLANG_ENABLE_MODULES = YES;
				CLANG_ENABLE_OBJC_ARC = YES;
				CLANG_WARN_BOOL_CONVERSION = YES;
				CLANG_WARN_CONSTANT_CONVERSION = YES;
				CLANG_WARN_DIRECT_OBJC_ISA_USAGE = YES_ERROR;
				CLANG_WARN_EMPTY_BODY = YES;
				CLANG_WARN_ENUM_CONVERSION = YES;
				CLANG_WARN_INT_CONVERSION = YES;
				CLANG_WARN_OBJC_ROOT_CLASS = YES_ERROR;
				CLANG_WARN_UNREACHABLE_CODE = YES;
				CLANG_WARN__DUPLICATE_METHOD_MATCH = YES;
				"CODE_SIGN_IDENTITY[sdk=iphoneos*]" = "iPhone Developer";
				COPY_PHASE_STRIP = NO;
				DEBUG_INFORMATION_FORMAT = "dwarf-with-dsym";
				ENABLE_STRICT_OBJC_MSGSEND = YES;
				GCC_C_LANGUAGE_STANDARD = gnu99;
				GCC_DYNAMIC_NO_PIC = NO;
				GCC_NO_COMMON_BLOCKS = YES;
				GCC_OPTIMIZATION_LEVEL = 0;
				GCC_PREPROCESSOR_DEFINITIONS = (
					"DEBUG=1",
					"$(inherited)",
				);
				GCC_SYMBOLS_PRIVATE_EXTERN = NO;
				GCC_WARN_64_TO_32_BIT_CONVERSION = YES;
				GCC_WARN_ABOUT_RETURN_TYPE = YES_ERROR;
				GCC_WARN_UNDECLARED_SELECTOR = YES;
				GCC_WARN_UNINITIALIZED_AUTOS = YES_AGGRESSIVE;
				GCC_WARN_UNUSED_FUNCTION = YES;
				GCC_WARN_UNUSED_VARIABLE = YES;
				IPHONEOS_DEPLOYMENT_TARGET = 8.3;
				MTL_ENABLE_DEBUG_INFO = YES;
				ONLY_ACTIVE_ARCH = YES;
				SDKROOT = iphoneos;
				SWIFT_OPTIMIZATION_LEVEL = "-Onone";
			};
			name = Debug;
		};
		45E608891B3F9F2F004B3F50 /* Release */ = {
			isa = XCBuildConfiguration;
			buildSettings = {
				ALWAYS_SEARCH_USER_PATHS = NO;
				CLANG_CXX_LANGUAGE_STANDARD = "gnu++0x";
				CLANG_CXX_LIBRARY = "libc++";
				CLANG_ENABLE_MODULES = YES;
				CLANG_ENABLE_OBJC_ARC = YES;
				CLANG_WARN_BOOL_CONVERSION = YES;
				CLANG_WARN_CONSTANT_CONVERSION = YES;
				CLANG_WARN_DIRECT_OBJC_ISA_USAGE = YES_ERROR;
				CLANG_WARN_EMPTY_BODY = YES;
				CLANG_WARN_ENUM_CONVERSION = YES;
				CLANG_WARN_INT_CONVERSION = YES;
				CLANG_WARN_OBJC_ROOT_CLASS = YES_ERROR;
				CLANG_WARN_UNREACHABLE_CODE = YES;
				CLANG_WARN__DUPLICATE_METHOD_MATCH = YES;
				"CODE_SIGN_IDENTITY[sdk=iphoneos*]" = "iPhone Developer";
				COPY_PHASE_STRIP = NO;
				DEBUG_INFORMATION_FORMAT = "dwarf-with-dsym";
				ENABLE_NS_ASSERTIONS = NO;
				ENABLE_STRICT_OBJC_MSGSEND = YES;
				GCC_C_LANGUAGE_STANDARD = gnu99;
				GCC_NO_COMMON_BLOCKS = YES;
				GCC_WARN_64_TO_32_BIT_CONVERSION = YES;
				GCC_WARN_ABOUT_RETURN_TYPE = YES_ERROR;
				GCC_WARN_UNDECLARED_SELECTOR = YES;
				GCC_WARN_UNINITIALIZED_AUTOS = YES_AGGRESSIVE;
				GCC_WARN_UNUSED_FUNCTION = YES;
				GCC_WARN_UNUSED_VARIABLE = YES;
				IPHONEOS_DEPLOYMENT_TARGET = 8.3;
				MTL_ENABLE_DEBUG_INFO = NO;
				SDKROOT = iphoneos;
				VALIDATE_PRODUCT = YES;
			};
			name = Release;
		};
		45E6088B1B3F9F2F004B3F50 /* Debug */ = {
			isa = XCBuildConfiguration;
			baseConfigurationReference = 09FCB99DEBBA372E31B56396 /* Pods.debug.xcconfig */;
			buildSettings = {
				ASSETCATALOG_COMPILER_APPICON_NAME = AppIcon;
				CODE_SIGN_IDENTITY = "iPhone Developer";
				"CODE_SIGN_IDENTITY[sdk=iphoneos*]" = "iPhone Developer";
				INFOPLIST_FILE = shuzhai2/Info.plist;
				LD_RUNPATH_SEARCH_PATHS = "$(inherited) @executable_path/Frameworks";
				PRODUCT_NAME = "$(TARGET_NAME)";
				PROVISIONING_PROFILE = "";
				SWIFT_OBJC_BRIDGING_HEADER = "$(SRCROOT)/shuzhai2/shuzhai2-Bridging-Header.h";
			};
			name = Debug;
		};
		45E6088C1B3F9F2F004B3F50 /* Release */ = {
			isa = XCBuildConfiguration;
			baseConfigurationReference = E0F50B828A8CDE82ABBE5C72 /* Pods.release.xcconfig */;
			buildSettings = {
				ASSETCATALOG_COMPILER_APPICON_NAME = AppIcon;
				CODE_SIGN_IDENTITY = "iPhone Developer";
				"CODE_SIGN_IDENTITY[sdk=iphoneos*]" = "iPhone Developer";
				INFOPLIST_FILE = shuzhai2/Info.plist;
				LD_RUNPATH_SEARCH_PATHS = "$(inherited) @executable_path/Frameworks";
				PRODUCT_NAME = "$(TARGET_NAME)";
				PROVISIONING_PROFILE = "";
				SWIFT_OBJC_BRIDGING_HEADER = "$(SRCROOT)/shuzhai2/shuzhai2-Bridging-Header.h";
			};
			name = Release;
		};
		45E6088E1B3F9F2F004B3F50 /* Debug */ = {
			isa = XCBuildConfiguration;
			buildSettings = {
				BUNDLE_LOADER = "$(TEST_HOST)";
				FRAMEWORK_SEARCH_PATHS = (
					"$(SDKROOT)/Developer/Library/Frameworks",
					"$(inherited)",
				);
				GCC_PREPROCESSOR_DEFINITIONS = (
					"DEBUG=1",
					"$(inherited)",
				);
				INFOPLIST_FILE = shuzhai2Tests/Info.plist;
				LD_RUNPATH_SEARCH_PATHS = "$(inherited) @executable_path/Frameworks @loader_path/Frameworks";
				PRODUCT_NAME = "$(TARGET_NAME)";
				TEST_HOST = "$(BUILT_PRODUCTS_DIR)/shuzhai2.app/shuzhai2";
			};
			name = Debug;
		};
		45E6088F1B3F9F2F004B3F50 /* Release */ = {
			isa = XCBuildConfiguration;
			buildSettings = {
				BUNDLE_LOADER = "$(TEST_HOST)";
				FRAMEWORK_SEARCH_PATHS = (
					"$(SDKROOT)/Developer/Library/Frameworks",
					"$(inherited)",
				);
				INFOPLIST_FILE = shuzhai2Tests/Info.plist;
				LD_RUNPATH_SEARCH_PATHS = "$(inherited) @executable_path/Frameworks @loader_path/Frameworks";
				PRODUCT_NAME = "$(TARGET_NAME)";
				TEST_HOST = "$(BUILT_PRODUCTS_DIR)/shuzhai2.app/shuzhai2";
			};
			name = Release;
		};
/* End XCBuildConfiguration section */

/* Begin XCConfigurationList section */
		45E608641B3F9F2E004B3F50 /* Build configuration list for PBXProject "shuzhai2" */ = {
			isa = XCConfigurationList;
			buildConfigurations = (
				45E608881B3F9F2F004B3F50 /* Debug */,
				45E608891B3F9F2F004B3F50 /* Release */,
			);
			defaultConfigurationIsVisible = 0;
			defaultConfigurationName = Release;
		};
		45E6088A1B3F9F2F004B3F50 /* Build configuration list for PBXNativeTarget "shuzhai2" */ = {
			isa = XCConfigurationList;
			buildConfigurations = (
				45E6088B1B3F9F2F004B3F50 /* Debug */,
				45E6088C1B3F9F2F004B3F50 /* Release */,
			);
			defaultConfigurationIsVisible = 0;
			defaultConfigurationName = Release;
		};
		45E6088D1B3F9F2F004B3F50 /* Build configuration list for PBXNativeTarget "shuzhai2Tests" */ = {
			isa = XCConfigurationList;
			buildConfigurations = (
				45E6088E1B3F9F2F004B3F50 /* Debug */,
				45E6088F1B3F9F2F004B3F50 /* Release */,
			);
			defaultConfigurationIsVisible = 0;
			defaultConfigurationName = Release;
		};
/* End XCConfigurationList section */
	};
	rootObject = 45E608611B3F9F2E004B3F50 /* Project object */;
}
