// !$*UTF8*$!
{
	archiveVersion = 1;
	classes = {
	};
	objectVersion = 46;
	objects = {

/* Begin PBXBuildFile section */
		45D86C6F1B390A5300225BDD /* Main.storyboard in Resources */ = {isa = PBXBuildFile; fileRef = FCCE5C371B3494C300A78CAF /* Main.storyboard */; };
		45D86C791B390BC300225BDD /* content_1@3x.png in Resources */ = {isa = PBXBuildFile; fileRef = 45D86C711B390BC300225BDD /* content_1@3x.png */; };
		45D86C7A1B390BC300225BDD /* content_2@3x.png in Resources */ = {isa = PBXBuildFile; fileRef = 45D86C721B390BC300225BDD /* content_2@3x.png */; };
		45D86C7B1B390BC300225BDD /* ic_activity@3x.png in Resources */ = {isa = PBXBuildFile; fileRef = 45D86C731B390BC300225BDD /* ic_activity@3x.png */; };
		45D86C7C1B390BC300225BDD /* ic_feed@3x.png in Resources */ = {isa = PBXBuildFile; fileRef = 45D86C741B390BC300225BDD /* ic_feed@3x.png */; };
		45D86C7D1B390BC300225BDD /* ic_menu@3x.png in Resources */ = {isa = PBXBuildFile; fileRef = 45D86C751B390BC300225BDD /* ic_menu@3x.png */; };
		45D86C7E1B390BC300225BDD /* ic_menuRotated@3x.png in Resources */ = {isa = PBXBuildFile; fileRef = 45D86C761B390BC300225BDD /* ic_menuRotated@3x.png */; };
		45D86C7F1B390BC300225BDD /* ic_profile@3x.png in Resources */ = {isa = PBXBuildFile; fileRef = 45D86C771B390BC300225BDD /* ic_profile@3x.png */; };
		45D86C801B390BC300225BDD /* ic_settings@3x.png in Resources */ = {isa = PBXBuildFile; fileRef = 45D86C781B390BC300225BDD /* ic_settings@3x.png */; };
		45D86C841B39167A00225BDD /* ContainerViewController.swift in Sources */ = {isa = PBXBuildFile; fileRef = 45D86C831B39167A00225BDD /* ContainerViewController.swift */; };
		45D86C861B391DC000225BDD /* ClassEnums.swift in Sources */ = {isa = PBXBuildFile; fileRef = 45D86C851B391DC000225BDD /* ClassEnums.swift */; };
		FC4E1B241B38C282009D9CDE /* GuillotineMenuSegue.swift in Sources */ = {isa = PBXBuildFile; fileRef = FC4E1B201B38C282009D9CDE /* GuillotineMenuSegue.swift */; };
		FC4E1B251B38C282009D9CDE /* GuillotineMenuTransitionAnimation.swift in Sources */ = {isa = PBXBuildFile; fileRef = FC4E1B211B38C282009D9CDE /* GuillotineMenuTransitionAnimation.swift */; };
		FC4E1B261B38C282009D9CDE /* GuillotineMenuViewController.swift in Sources */ = {isa = PBXBuildFile; fileRef = FC4E1B221B38C282009D9CDE /* GuillotineMenuViewController.swift */; };
		FC4E1B271B38C282009D9CDE /* UIViewExtension.swift in Sources */ = {isa = PBXBuildFile; fileRef = FC4E1B231B38C282009D9CDE /* UIViewExtension.swift */; };
		FCCE5C321B3494C300A78CAF /* AppDelegate.swift in Sources */ = {isa = PBXBuildFile; fileRef = FCCE5C311B3494C300A78CAF /* AppDelegate.swift */; };
		FCCE5C341B3494C300A78CAF /* MasterViewController.swift in Sources */ = {isa = PBXBuildFile; fileRef = FCCE5C331B3494C300A78CAF /* MasterViewController.swift */; };
		FCCE5C361B3494C300A78CAF /* DetailViewController.swift in Sources */ = {isa = PBXBuildFile; fileRef = FCCE5C351B3494C300A78CAF /* DetailViewController.swift */; };
		FCCE5C3B1B3494C300A78CAF /* Images.xcassets in Resources */ = {isa = PBXBuildFile; fileRef = FCCE5C3A1B3494C300A78CAF /* Images.xcassets */; };
		FCCE5C3E1B3494C300A78CAF /* LaunchScreen.xib in Resources */ = {isa = PBXBuildFile; fileRef = FCCE5C3C1B3494C300A78CAF /* LaunchScreen.xib */; };
		FCCE5C4A1B3494C300A78CAF /* shuzhaiTests.swift in Sources */ = {isa = PBXBuildFile; fileRef = FCCE5C491B3494C300A78CAF /* shuzhaiTests.swift */; };
		FCCE5C541B34B0EF00A78CAF /* BaseViewController.swift in Sources */ = {isa = PBXBuildFile; fileRef = FCCE5C531B34B0EF00A78CAF /* BaseViewController.swift */; };
/* End PBXBuildFile section */

/* Begin PBXContainerItemProxy section */
		FCCE5C441B3494C300A78CAF /* PBXContainerItemProxy */ = {
			isa = PBXContainerItemProxy;
			containerPortal = FCCE5C241B3494C300A78CAF /* Project object */;
			proxyType = 1;
			remoteGlobalIDString = FCCE5C2B1B3494C300A78CAF;
			remoteInfo = shuzhai;
		};
/* End PBXContainerItemProxy section */

/* Begin PBXFileReference section */
		45D86C711B390BC300225BDD /* content_1@3x.png */ = {isa = PBXFileReference; lastKnownFileType = image.png; path = "content_1@3x.png"; sourceTree = "<group>"; };
		45D86C721B390BC300225BDD /* content_2@3x.png */ = {isa = PBXFileReference; lastKnownFileType = image.png; path = "content_2@3x.png"; sourceTree = "<group>"; };
		45D86C731B390BC300225BDD /* ic_activity@3x.png */ = {isa = PBXFileReference; lastKnownFileType = image.png; path = "ic_activity@3x.png"; sourceTree = "<group>"; };
		45D86C741B390BC300225BDD /* ic_feed@3x.png */ = {isa = PBXFileReference; lastKnownFileType = image.png; path = "ic_feed@3x.png"; sourceTree = "<group>"; };
		45D86C751B390BC300225BDD /* ic_menu@3x.png */ = {isa = PBXFileReference; lastKnownFileType = image.png; path = "ic_menu@3x.png"; sourceTree = "<group>"; };
		45D86C761B390BC300225BDD /* ic_menuRotated@3x.png */ = {isa = PBXFileReference; lastKnownFileType = image.png; path = "ic_menuRotated@3x.png"; sourceTree = "<group>"; };
		45D86C771B390BC300225BDD /* ic_profile@3x.png */ = {isa = PBXFileReference; lastKnownFileType = image.png; path = "ic_profile@3x.png"; sourceTree = "<group>"; };
		45D86C781B390BC300225BDD /* ic_settings@3x.png */ = {isa = PBXFileReference; lastKnownFileType = image.png; path = "ic_settings@3x.png"; sourceTree = "<group>"; };
		45D86C831B39167A00225BDD /* ContainerViewController.swift */ = {isa = PBXFileReference; fileEncoding = 4; lastKnownFileType = sourcecode.swift; path = ContainerViewController.swift; sourceTree = "<group>"; };
		45D86C851B391DC000225BDD /* ClassEnums.swift */ = {isa = PBXFileReference; fileEncoding = 4; lastKnownFileType = sourcecode.swift; path = ClassEnums.swift; sourceTree = "<group>"; };
		FC4E1B201B38C282009D9CDE /* GuillotineMenuSegue.swift */ = {isa = PBXFileReference; fileEncoding = 4; lastKnownFileType = sourcecode.swift; path = GuillotineMenuSegue.swift; sourceTree = "<group>"; };
		FC4E1B211B38C282009D9CDE /* GuillotineMenuTransitionAnimation.swift */ = {isa = PBXFileReference; fileEncoding = 4; lastKnownFileType = sourcecode.swift; path = GuillotineMenuTransitionAnimation.swift; sourceTree = "<group>"; };
		FC4E1B221B38C282009D9CDE /* GuillotineMenuViewController.swift */ = {isa = PBXFileReference; fileEncoding = 4; lastKnownFileType = sourcecode.swift; path = GuillotineMenuViewController.swift; sourceTree = "<group>"; };
		FC4E1B231B38C282009D9CDE /* UIViewExtension.swift */ = {isa = PBXFileReference; fileEncoding = 4; lastKnownFileType = sourcecode.swift; path = UIViewExtension.swift; sourceTree = "<group>"; };
		FCCE5C2C1B3494C300A78CAF /* shuzhai.app */ = {isa = PBXFileReference; explicitFileType = wrapper.application; includeInIndex = 0; path = shuzhai.app; sourceTree = BUILT_PRODUCTS_DIR; };
		FCCE5C301B3494C300A78CAF /* Info.plist */ = {isa = PBXFileReference; lastKnownFileType = text.plist.xml; path = Info.plist; sourceTree = "<group>"; };
		FCCE5C311B3494C300A78CAF /* AppDelegate.swift */ = {isa = PBXFileReference; lastKnownFileType = sourcecode.swift; path = AppDelegate.swift; sourceTree = "<group>"; };
		FCCE5C331B3494C300A78CAF /* MasterViewController.swift */ = {isa = PBXFileReference; lastKnownFileType = sourcecode.swift; path = MasterViewController.swift; sourceTree = "<group>"; };
		FCCE5C351B3494C300A78CAF /* DetailViewController.swift */ = {isa = PBXFileReference; lastKnownFileType = sourcecode.swift; path = DetailViewController.swift; sourceTree = "<group>"; };
		FCCE5C381B3494C300A78CAF /* Base */ = {isa = PBXFileReference; lastKnownFileType = file.storyboard; name = Base; path = Base.lproj/Main.storyboard; sourceTree = "<group>"; };
		FCCE5C3A1B3494C300A78CAF /* Images.xcassets */ = {isa = PBXFileReference; lastKnownFileType = folder.assetcatalog; path = Images.xcassets; sourceTree = "<group>"; };
		FCCE5C3D1B3494C300A78CAF /* Base */ = {isa = PBXFileReference; lastKnownFileType = file.xib; name = Base; path = Base.lproj/LaunchScreen.xib; sourceTree = "<group>"; };
		FCCE5C431B3494C300A78CAF /* shuzhaiTests.xctest */ = {isa = PBXFileReference; explicitFileType = wrapper.cfbundle; includeInIndex = 0; path = shuzhaiTests.xctest; sourceTree = BUILT_PRODUCTS_DIR; };
		FCCE5C481B3494C300A78CAF /* Info.plist */ = {isa = PBXFileReference; lastKnownFileType = text.plist.xml; path = Info.plist; sourceTree = "<group>"; };
		FCCE5C491B3494C300A78CAF /* shuzhaiTests.swift */ = {isa = PBXFileReference; lastKnownFileType = sourcecode.swift; path = shuzhaiTests.swift; sourceTree = "<group>"; };
		FCCE5C531B34B0EF00A78CAF /* BaseViewController.swift */ = {isa = PBXFileReference; fileEncoding = 4; lastKnownFileType = sourcecode.swift; path = BaseViewController.swift; sourceTree = "<group>"; };
/* End PBXFileReference section */

/* Begin PBXFrameworksBuildPhase section */
		FCCE5C291B3494C300A78CAF /* Frameworks */ = {
			isa = PBXFrameworksBuildPhase;
			buildActionMask = 2147483647;
			files = (
			);
			runOnlyForDeploymentPostprocessing = 0;
		};
		FCCE5C401B3494C300A78CAF /* Frameworks */ = {
			isa = PBXFrameworksBuildPhase;
			buildActionMask = 2147483647;
			files = (
			);
			runOnlyForDeploymentPostprocessing = 0;
		};
/* End PBXFrameworksBuildPhase section */

/* Begin PBXGroup section */
		45D86C701B390BC300225BDD /* Assets */ = {
			isa = PBXGroup;
			children = (
				45D86C711B390BC300225BDD /* content_1@3x.png */,
				45D86C721B390BC300225BDD /* content_2@3x.png */,
				45D86C731B390BC300225BDD /* ic_activity@3x.png */,
				45D86C741B390BC300225BDD /* ic_feed@3x.png */,
				45D86C751B390BC300225BDD /* ic_menu@3x.png */,
				45D86C761B390BC300225BDD /* ic_menuRotated@3x.png */,
				45D86C771B390BC300225BDD /* ic_profile@3x.png */,
				45D86C781B390BC300225BDD /* ic_settings@3x.png */,
			);
			path = Assets;
			sourceTree = "<group>";
		};
		FC4E1B1F1B38C282009D9CDE /* GuillotineMenu */ = {
			isa = PBXGroup;
			children = (
				45D86C701B390BC300225BDD /* Assets */,
				FC4E1B201B38C282009D9CDE /* GuillotineMenuSegue.swift */,
				FC4E1B211B38C282009D9CDE /* GuillotineMenuTransitionAnimation.swift */,
				FC4E1B221B38C282009D9CDE /* GuillotineMenuViewController.swift */,
				FC4E1B231B38C282009D9CDE /* UIViewExtension.swift */,
			);
			path = GuillotineMenu;
			sourceTree = "<group>";
		};
		FCCE5C231B3494C300A78CAF = {
			isa = PBXGroup;
			children = (
				FCCE5C2E1B3494C300A78CAF /* shuzhai */,
				FCCE5C461B3494C300A78CAF /* shuzhaiTests */,
				FCCE5C2D1B3494C300A78CAF /* Products */,
			);
			sourceTree = "<group>";
		};
		FCCE5C2D1B3494C300A78CAF /* Products */ = {
			isa = PBXGroup;
			children = (
				FCCE5C2C1B3494C300A78CAF /* shuzhai.app */,
				FCCE5C431B3494C300A78CAF /* shuzhaiTests.xctest */,
			);
			name = Products;
			sourceTree = "<group>";
		};
		FCCE5C2E1B3494C300A78CAF /* shuzhai */ = {
			isa = PBXGroup;
			children = (
				45D86C831B39167A00225BDD /* ContainerViewController.swift */,
				45D86C851B391DC000225BDD /* ClassEnums.swift */,
				FC4E1B1F1B38C282009D9CDE /* GuillotineMenu */,
				FCCE5C311B3494C300A78CAF /* AppDelegate.swift */,
				FCCE5C331B3494C300A78CAF /* MasterViewController.swift */,
				FCCE5C351B3494C300A78CAF /* DetailViewController.swift */,
				FCCE5C531B34B0EF00A78CAF /* BaseViewController.swift */,
				FCCE5C371B3494C300A78CAF /* Main.storyboard */,
				FCCE5C3A1B3494C300A78CAF /* Images.xcassets */,
				FCCE5C3C1B3494C300A78CAF /* LaunchScreen.xib */,
				FCCE5C2F1B3494C300A78CAF /* Supporting Files */,
			);
			path = shuzhai;
			sourceTree = "<group>";
		};
		FCCE5C2F1B3494C300A78CAF /* Supporting Files */ = {
			isa = PBXGroup;
			children = (
				FCCE5C301B3494C300A78CAF /* Info.plist */,
			);
			name = "Supporting Files";
			sourceTree = "<group>";
		};
		FCCE5C461B3494C300A78CAF /* shuzhaiTests */ = {
			isa = PBXGroup;
			children = (
				FCCE5C491B3494C300A78CAF /* shuzhaiTests.swift */,
				FCCE5C471B3494C300A78CAF /* Supporting Files */,
			);
			path = shuzhaiTests;
			sourceTree = "<group>";
		};
		FCCE5C471B3494C300A78CAF /* Supporting Files */ = {
			isa = PBXGroup;
			children = (
				FCCE5C481B3494C300A78CAF /* Info.plist */,
			);
			name = "Supporting Files";
			sourceTree = "<group>";
		};
/* End PBXGroup section */

/* Begin PBXNativeTarget section */
		FCCE5C2B1B3494C300A78CAF /* shuzhai */ = {
			isa = PBXNativeTarget;
			buildConfigurationList = FCCE5C4D1B3494C300A78CAF /* Build configuration list for PBXNativeTarget "shuzhai" */;
			buildPhases = (
				FCCE5C281B3494C300A78CAF /* Sources */,
				FCCE5C291B3494C300A78CAF /* Frameworks */,
				FCCE5C2A1B3494C300A78CAF /* Resources */,
			);
			buildRules = (
			);
			dependencies = (
			);
			name = shuzhai;
			productName = shuzhai;
			productReference = FCCE5C2C1B3494C300A78CAF /* shuzhai.app */;
			productType = "com.apple.product-type.application";
		};
		FCCE5C421B3494C300A78CAF /* shuzhaiTests */ = {
			isa = PBXNativeTarget;
			buildConfigurationList = FCCE5C501B3494C300A78CAF /* Build configuration list for PBXNativeTarget "shuzhaiTests" */;
			buildPhases = (
				FCCE5C3F1B3494C300A78CAF /* Sources */,
				FCCE5C401B3494C300A78CAF /* Frameworks */,
				FCCE5C411B3494C300A78CAF /* Resources */,
			);
			buildRules = (
			);
			dependencies = (
				FCCE5C451B3494C300A78CAF /* PBXTargetDependency */,
			);
			name = shuzhaiTests;
			productName = shuzhaiTests;
			productReference = FCCE5C431B3494C300A78CAF /* shuzhaiTests.xctest */;
			productType = "com.apple.product-type.bundle.unit-test";
		};
/* End PBXNativeTarget section */

/* Begin PBXProject section */
		FCCE5C241B3494C300A78CAF /* Project object */ = {
			isa = PBXProject;
			attributes = {
				LastUpgradeCheck = 0630;
				ORGANIZATIONNAME = com.Changchen;
				TargetAttributes = {
					FCCE5C2B1B3494C300A78CAF = {
						CreatedOnToolsVersion = 6.3.2;
					};
					FCCE5C421B3494C300A78CAF = {
						CreatedOnToolsVersion = 6.3.2;
						TestTargetID = FCCE5C2B1B3494C300A78CAF;
					};
				};
			};
			buildConfigurationList = FCCE5C271B3494C300A78CAF /* Build configuration list for PBXProject "shuzhai" */;
			compatibilityVersion = "Xcode 3.2";
			developmentRegion = English;
			hasScannedForEncodings = 0;
			knownRegions = (
				en,
				Base,
			);
			mainGroup = FCCE5C231B3494C300A78CAF;
			productRefGroup = FCCE5C2D1B3494C300A78CAF /* Products */;
			projectDirPath = "";
			projectRoot = "";
			targets = (
				FCCE5C2B1B3494C300A78CAF /* shuzhai */,
				FCCE5C421B3494C300A78CAF /* shuzhaiTests */,
			);
		};
/* End PBXProject section */

/* Begin PBXResourcesBuildPhase section */
		FCCE5C2A1B3494C300A78CAF /* Resources */ = {
			isa = PBXResourcesBuildPhase;
			buildActionMask = 2147483647;
			files = (
				45D86C7A1B390BC300225BDD /* content_2@3x.png in Resources */,
				45D86C791B390BC300225BDD /* content_1@3x.png in Resources */,
				FCCE5C3E1B3494C300A78CAF /* LaunchScreen.xib in Resources */,
				45D86C7C1B390BC300225BDD /* ic_feed@3x.png in Resources */,
				45D86C7F1B390BC300225BDD /* ic_profile@3x.png in Resources */,
				FCCE5C3B1B3494C300A78CAF /* Images.xcassets in Resources */,
				45D86C7E1B390BC300225BDD /* ic_menuRotated@3x.png in Resources */,
				45D86C801B390BC300225BDD /* ic_settings@3x.png in Resources */,
				45D86C7D1B390BC300225BDD /* ic_menu@3x.png in Resources */,
				45D86C6F1B390A5300225BDD /* Main.storyboard in Resources */,
				45D86C7B1B390BC300225BDD /* ic_activity@3x.png in Resources */,
			);
			runOnlyForDeploymentPostprocessing = 0;
		};
		FCCE5C411B3494C300A78CAF /* Resources */ = {
			isa = PBXResourcesBuildPhase;
			buildActionMask = 2147483647;
			files = (
			);
			runOnlyForDeploymentPostprocessing = 0;
		};
/* End PBXResourcesBuildPhase section */

/* Begin PBXSourcesBuildPhase section */
		FCCE5C281B3494C300A78CAF /* Sources */ = {
			isa = PBXSourcesBuildPhase;
			buildActionMask = 2147483647;
			files = (
				FC4E1B241B38C282009D9CDE /* GuillotineMenuSegue.swift in Sources */,
				FC4E1B261B38C282009D9CDE /* GuillotineMenuViewController.swift in Sources */,
				45D86C841B39167A00225BDD /* ContainerViewController.swift in Sources */,
				FCCE5C361B3494C300A78CAF /* DetailViewController.swift in Sources */,
				FC4E1B251B38C282009D9CDE /* GuillotineMenuTransitionAnimation.swift in Sources */,
				45D86C861B391DC000225BDD /* ClassEnums.swift in Sources */,
				FCCE5C541B34B0EF00A78CAF /* BaseViewController.swift in Sources */,
				FC4E1B271B38C282009D9CDE /* UIViewExtension.swift in Sources */,
				FCCE5C341B3494C300A78CAF /* MasterViewController.swift in Sources */,
				FCCE5C321B3494C300A78CAF /* AppDelegate.swift in Sources */,
			);
			runOnlyForDeploymentPostprocessing = 0;
		};
		FCCE5C3F1B3494C300A78CAF /* Sources */ = {
			isa = PBXSourcesBuildPhase;
			buildActionMask = 2147483647;
			files = (
				FCCE5C4A1B3494C300A78CAF /* shuzhaiTests.swift in Sources */,
			);
			runOnlyForDeploymentPostprocessing = 0;
		};
/* End PBXSourcesBuildPhase section */

/* Begin PBXTargetDependency section */
		FCCE5C451B3494C300A78CAF /* PBXTargetDependency */ = {
			isa = PBXTargetDependency;
			target = FCCE5C2B1B3494C300A78CAF /* shuzhai */;
			targetProxy = FCCE5C441B3494C300A78CAF /* PBXContainerItemProxy */;
		};
/* End PBXTargetDependency section */

/* Begin PBXVariantGroup section */
		FCCE5C371B3494C300A78CAF /* Main.storyboard */ = {
			isa = PBXVariantGroup;
			children = (
				FCCE5C381B3494C300A78CAF /* Base */,
			);
			name = Main.storyboard;
			sourceTree = "<group>";
		};
		FCCE5C3C1B3494C300A78CAF /* LaunchScreen.xib */ = {
			isa = PBXVariantGroup;
			children = (
				FCCE5C3D1B3494C300A78CAF /* Base */,
			);
			name = LaunchScreen.xib;
			sourceTree = "<group>";
		};
/* End PBXVariantGroup section */

/* Begin XCBuildConfiguration section */
		FCCE5C4B1B3494C300A78CAF /* Debug */ = {
			isa = XCBuildConfiguration;
			buildSettings = {
				ALWAYS_SEARCH_USER_PATHS = NO;
				CLANG_CXX_LANGUAGE_STANDARD = "gnu++0x";
				CLANG_CXX_LIBRARY = "libc++";
				CLANG_ENABLE_MODULES = YES;
				CLANG_ENABLE_OBJC_ARC = YES;
				CLANG_WARN_BOOL_CONVERSION = YES;
				CLANG_WARN_CONSTANT_CONVERSION = YES;
				CLANG_WARN_DIRECT_OBJC_ISA_USAGE = YES_ERROR;
				CLANG_WARN_EMPTY_BODY = YES;
				CLANG_WARN_ENUM_CONVERSION = YES;
				CLANG_WARN_INT_CONVERSION = YES;
				CLANG_WARN_OBJC_ROOT_CLASS = YES_ERROR;
				CLANG_WARN_UNREACHABLE_CODE = YES;
				CLANG_WARN__DUPLICATE_METHOD_MATCH = YES;
				"CODE_SIGN_IDENTITY[sdk=iphoneos*]" = "iPhone Developer";
				COPY_PHASE_STRIP = NO;
				DEBUG_INFORMATION_FORMAT = "dwarf-with-dsym";
				ENABLE_STRICT_OBJC_MSGSEND = YES;
				GCC_C_LANGUAGE_STANDARD = gnu99;
				GCC_DYNAMIC_NO_PIC = NO;
				GCC_NO_COMMON_BLOCKS = YES;
				GCC_OPTIMIZATION_LEVEL = 0;
				GCC_PREPROCESSOR_DEFINITIONS = (
					"DEBUG=1",
					"$(inherited)",
				);
				GCC_SYMBOLS_PRIVATE_EXTERN = NO;
				GCC_WARN_64_TO_32_BIT_CONVERSION = YES;
				GCC_WARN_ABOUT_RETURN_TYPE = YES_ERROR;
				GCC_WARN_UNDECLARED_SELECTOR = YES;
				GCC_WARN_UNINITIALIZED_AUTOS = YES_AGGRESSIVE;
				GCC_WARN_UNUSED_FUNCTION = YES;
				GCC_WARN_UNUSED_VARIABLE = YES;
				IPHONEOS_DEPLOYMENT_TARGET = 8.3;
				MTL_ENABLE_DEBUG_INFO = YES;
				ONLY_ACTIVE_ARCH = YES;
				SDKROOT = iphoneos;
				SWIFT_OPTIMIZATION_LEVEL = "-Onone";
			};
			name = Debug;
		};
		FCCE5C4C1B3494C300A78CAF /* Release */ = {
			isa = XCBuildConfiguration;
			buildSettings = {
				ALWAYS_SEARCH_USER_PATHS = NO;
				CLANG_CXX_LANGUAGE_STANDARD = "gnu++0x";
				CLANG_CXX_LIBRARY = "libc++";
				CLANG_ENABLE_MODULES = YES;
				CLANG_ENABLE_OBJC_ARC = YES;
				CLANG_WARN_BOOL_CONVERSION = YES;
				CLANG_WARN_CONSTANT_CONVERSION = YES;
				CLANG_WARN_DIRECT_OBJC_ISA_USAGE = YES_ERROR;
				CLANG_WARN_EMPTY_BODY = YES;
				CLANG_WARN_ENUM_CONVERSION = YES;
				CLANG_WARN_INT_CONVERSION = YES;
				CLANG_WARN_OBJC_ROOT_CLASS = YES_ERROR;
				CLANG_WARN_UNREACHABLE_CODE = YES;
				CLANG_WARN__DUPLICATE_METHOD_MATCH = YES;
				"CODE_SIGN_IDENTITY[sdk=iphoneos*]" = "iPhone Developer";
				COPY_PHASE_STRIP = NO;
				DEBUG_INFORMATION_FORMAT = "dwarf-with-dsym";
				ENABLE_NS_ASSERTIONS = NO;
				ENABLE_STRICT_OBJC_MSGSEND = YES;
				GCC_C_LANGUAGE_STANDARD = gnu99;
				GCC_NO_COMMON_BLOCKS = YES;
				GCC_WARN_64_TO_32_BIT_CONVERSION = YES;
				GCC_WARN_ABOUT_RETURN_TYPE = YES_ERROR;
				GCC_WARN_UNDECLARED_SELECTOR = YES;
				GCC_WARN_UNINITIALIZED_AUTOS = YES_AGGRESSIVE;
				GCC_WARN_UNUSED_FUNCTION = YES;
				GCC_WARN_UNUSED_VARIABLE = YES;
				IPHONEOS_DEPLOYMENT_TARGET = 8.3;
				MTL_ENABLE_DEBUG_INFO = NO;
				SDKROOT = iphoneos;
				VALIDATE_PRODUCT = YES;
			};
			name = Release;
		};
		FCCE5C4E1B3494C300A78CAF /* Debug */ = {
			isa = XCBuildConfiguration;
			buildSettings = {
				ASSETCATALOG_COMPILER_APPICON_NAME = AppIcon;
				INFOPLIST_FILE = shuzhai/Info.plist;
				LD_RUNPATH_SEARCH_PATHS = "$(inherited) @executable_path/Frameworks";
				PRODUCT_NAME = "$(TARGET_NAME)";
			};
			name = Debug;
		};
		FCCE5C4F1B3494C300A78CAF /* Release */ = {
			isa = XCBuildConfiguration;
			buildSettings = {
				ASSETCATALOG_COMPILER_APPICON_NAME = AppIcon;
				INFOPLIST_FILE = shuzhai/Info.plist;
				LD_RUNPATH_SEARCH_PATHS = "$(inherited) @executable_path/Frameworks";
				PRODUCT_NAME = "$(TARGET_NAME)";
			};
			name = Release;
		};
		FCCE5C511B3494C300A78CAF /* Debug */ = {
			isa = XCBuildConfiguration;
			buildSettings = {
				BUNDLE_LOADER = "$(TEST_HOST)";
				FRAMEWORK_SEARCH_PATHS = (
					"$(SDKROOT)/Developer/Library/Frameworks",
					"$(inherited)",
				);
				GCC_PREPROCESSOR_DEFINITIONS = (
					"DEBUG=1",
					"$(inherited)",
				);
				INFOPLIST_FILE = shuzhaiTests/Info.plist;
				LD_RUNPATH_SEARCH_PATHS = "$(inherited) @executable_path/Frameworks @loader_path/Frameworks";
				PRODUCT_NAME = "$(TARGET_NAME)";
				TEST_HOST = "$(BUILT_PRODUCTS_DIR)/shuzhai.app/shuzhai";
			};
			name = Debug;
		};
		FCCE5C521B3494C300A78CAF /* Release */ = {
			isa = XCBuildConfiguration;
			buildSettings = {
				BUNDLE_LOADER = "$(TEST_HOST)";
				FRAMEWORK_SEARCH_PATHS = (
					"$(SDKROOT)/Developer/Library/Frameworks",
					"$(inherited)",
				);
				INFOPLIST_FILE = shuzhaiTests/Info.plist;
				LD_RUNPATH_SEARCH_PATHS = "$(inherited) @executable_path/Frameworks @loader_path/Frameworks";
				PRODUCT_NAME = "$(TARGET_NAME)";
				TEST_HOST = "$(BUILT_PRODUCTS_DIR)/shuzhai.app/shuzhai";
			};
			name = Release;
		};
/* End XCBuildConfiguration section */

/* Begin XCConfigurationList section */
		FCCE5C271B3494C300A78CAF /* Build configuration list for PBXProject "shuzhai" */ = {
			isa = XCConfigurationList;
			buildConfigurations = (
				FCCE5C4B1B3494C300A78CAF /* Debug */,
				FCCE5C4C1B3494C300A78CAF /* Release */,
			);
			defaultConfigurationIsVisible = 0;
			defaultConfigurationName = Release;
		};
		FCCE5C4D1B3494C300A78CAF /* Build configuration list for PBXNativeTarget "shuzhai" */ = {
			isa = XCConfigurationList;
			buildConfigurations = (
				FCCE5C4E1B3494C300A78CAF /* Debug */,
				FCCE5C4F1B3494C300A78CAF /* Release */,
			);
			defaultConfigurationIsVisible = 0;
			defaultConfigurationName = Release;
		};
		FCCE5C501B3494C300A78CAF /* Build configuration list for PBXNativeTarget "shuzhaiTests" */ = {
			isa = XCConfigurationList;
			buildConfigurations = (
				FCCE5C511B3494C300A78CAF /* Debug */,
				FCCE5C521B3494C300A78CAF /* Release */,
			);
			defaultConfigurationIsVisible = 0;
			defaultConfigurationName = Release;
		};
/* End XCConfigurationList section */
	};
	rootObject = FCCE5C241B3494C300A78CAF /* Project object */;
}
